// !$*UTF8*$!
{
	archiveVersion = 1;
	classes = {
	};
	objectVersion = 46;
	objects = {

/* Begin PBXBuildFile section */
		B310E0E619382B6100A660A2 /* OneCell.m in Sources */ = {isa = PBXBuildFile; fileRef = B310E0E519382B6100A660A2 /* OneCell.m */; };
		B310E0E8193855C900A660A2 /* item.png in Resources */ = {isa = PBXBuildFile; fileRef = B310E0E7193855C800A660A2 /* item.png */; };
		B310E0ED1938702A00A660A2 /* section_bg.png in Resources */ = {isa = PBXBuildFile; fileRef = B310E0EC1938702900A660A2 /* section_bg.png */; };
		B310E0F21938816000A660A2 /* TwoViewController.m in Sources */ = {isa = PBXBuildFile; fileRef = B310E0F01938816000A660A2 /* TwoViewController.m */; };
		B310E0F31938816000A660A2 /* TwoViewController.xib in Resources */ = {isa = PBXBuildFile; fileRef = B310E0F11938816000A660A2 /* TwoViewController.xib */; };
		B37CF35E194EEA9D0064EA15 /* ThreeViewController.m in Sources */ = {isa = PBXBuildFile; fileRef = B37CF35C194EEA9D0064EA15 /* ThreeViewController.m */; };
		B37CF35F194EEA9D0064EA15 /* ThreeViewController.xib in Resources */ = {isa = PBXBuildFile; fileRef = B37CF35D194EEA9D0064EA15 /* ThreeViewController.xib */; };
		B37CF363195018070064EA15 /* MyTabBarController.m in Sources */ = {isa = PBXBuildFile; fileRef = B37CF362195018070064EA15 /* MyTabBarController.m */; };
		B37CF36F19501A000064EA15 /* bottom.png in Resources */ = {isa = PBXBuildFile; fileRef = B37CF36519501A000064EA15 /* bottom.png */; };
		B37CF37019501A000064EA15 /* tab_0.png in Resources */ = {isa = PBXBuildFile; fileRef = B37CF36619501A000064EA15 /* tab_0.png */; };
		B37CF37119501A000064EA15 /* tab_s0.png in Resources */ = {isa = PBXBuildFile; fileRef = B37CF36719501A000064EA15 /* tab_s0.png */; };
		B37CF37219501A000064EA15 /* tab_s1.png in Resources */ = {isa = PBXBuildFile; fileRef = B37CF36819501A000064EA15 /* tab_s1.png */; };
		B37CF37319501A000064EA15 /* tab_1.png in Resources */ = {isa = PBXBuildFile; fileRef = B37CF36919501A000064EA15 /* tab_1.png */; };
		B37CF37519501A000064EA15 /* tab_s2.png in Resources */ = {isa = PBXBuildFile; fileRef = B37CF36B19501A000064EA15 /* tab_s2.png */; };
		B37CF37619501A000064EA15 /* tab_2.png in Resources */ = {isa = PBXBuildFile; fileRef = B37CF36C19501A000064EA15 /* tab_2.png */; };
		B37CF37719501A000064EA15 /* tab_3.png in Resources */ = {isa = PBXBuildFile; fileRef = B37CF36D19501A000064EA15 /* tab_3.png */; };
		B37CF37819501A000064EA15 /* tab_s3.png in Resources */ = {isa = PBXBuildFile; fileRef = B37CF36E19501A000064EA15 /* tab_s3.png */; };
		B37CF37D19501E6F0064EA15 /* FourViewController.m in Sources */ = {isa = PBXBuildFile; fileRef = B37CF37B19501E6F0064EA15 /* FourViewController.m */; };
		B37CF37E19501E6F0064EA15 /* FourViewController.xib in Resources */ = {isa = PBXBuildFile; fileRef = B37CF37C19501E6F0064EA15 /* FourViewController.xib */; };
		B37CF38319501EAE0064EA15 /* FiveViewController.m in Sources */ = {isa = PBXBuildFile; fileRef = B37CF38119501EAE0064EA15 /* FiveViewController.m */; };
		B37CF38419501EAE0064EA15 /* FiveViewController.xib in Resources */ = {isa = PBXBuildFile; fileRef = B37CF38219501EAE0064EA15 /* FiveViewController.xib */; };
		B3AA41AA194A867700579A3D /* MyUncaughtExceptionHandler.m in Sources */ = {isa = PBXBuildFile; fileRef = B3AA41A9194A867700579A3D /* MyUncaughtExceptionHandler.m */; };
		B3DCDAA8193EE9C200BAD04B /* DBCommon.m in Sources */ = {isa = PBXBuildFile; fileRef = B3DCDAA7193EE9C200BAD04B /* DBCommon.m */; };
		B3DCDAAA193EF8D000BAD04B /* libsqlite3.dylib in Frameworks */ = {isa = PBXBuildFile; fileRef = B3DCDAA9193EF8D000BAD04B /* libsqlite3.dylib */; };
		B3DCDAAF193F0E6D00BAD04B /* DBUtil.m in Sources */ = {isa = PBXBuildFile; fileRef = B3DCDAAE193F0E6D00BAD04B /* DBUtil.m */; };
		B3E32992194004B20041817A /* w.db in Resources */ = {isa = PBXBuildFile; fileRef = B3E32991194004B20041817A /* w.db */; };
		B3E32995194055470041817A /* BusinessUtil.m in Sources */ = {isa = PBXBuildFile; fileRef = B3E32994194055470041817A /* BusinessUtil.m */; };
		B3E87E5D19357938006F8DF4 /* Foundation.framework in Frameworks */ = {isa = PBXBuildFile; fileRef = B3E87E5C19357938006F8DF4 /* Foundation.framework */; };
		B3E87E5F19357938006F8DF4 /* CoreGraphics.framework in Frameworks */ = {isa = PBXBuildFile; fileRef = B3E87E5E19357938006F8DF4 /* CoreGraphics.framework */; };
		B3E87E6119357938006F8DF4 /* UIKit.framework in Frameworks */ = {isa = PBXBuildFile; fileRef = B3E87E6019357938006F8DF4 /* UIKit.framework */; };
		B3E87E6719357938006F8DF4 /* InfoPlist.strings in Resources */ = {isa = PBXBuildFile; fileRef = B3E87E6519357938006F8DF4 /* InfoPlist.strings */; };
		B3E87E6919357938006F8DF4 /* main.m in Sources */ = {isa = PBXBuildFile; fileRef = B3E87E6819357938006F8DF4 /* main.m */; };
		B3E87E6D19357938006F8DF4 /* AppDelegate.m in Sources */ = {isa = PBXBuildFile; fileRef = B3E87E6C19357938006F8DF4 /* AppDelegate.m */; };
		B3E87E6F19357938006F8DF4 /* Images.xcassets in Resources */ = {isa = PBXBuildFile; fileRef = B3E87E6E19357938006F8DF4 /* Images.xcassets */; };
		B3E87E7619357938006F8DF4 /* XCTest.framework in Frameworks */ = {isa = PBXBuildFile; fileRef = B3E87E7519357938006F8DF4 /* XCTest.framework */; };
		B3E87E7719357938006F8DF4 /* Foundation.framework in Frameworks */ = {isa = PBXBuildFile; fileRef = B3E87E5C19357938006F8DF4 /* Foundation.framework */; };
		B3E87E7819357938006F8DF4 /* UIKit.framework in Frameworks */ = {isa = PBXBuildFile; fileRef = B3E87E6019357938006F8DF4 /* UIKit.framework */; };
		B3E87E8019357938006F8DF4 /* InfoPlist.strings in Resources */ = {isa = PBXBuildFile; fileRef = B3E87E7E19357938006F8DF4 /* InfoPlist.strings */; };
		B3E87E8219357938006F8DF4 /* WWWTests.m in Sources */ = {isa = PBXBuildFile; fileRef = B3E87E8119357938006F8DF4 /* WWWTests.m */; };
		B3E87E8F193579FB006F8DF4 /* OneViewController.m in Sources */ = {isa = PBXBuildFile; fileRef = B3E87E8D193579FB006F8DF4 /* OneViewController.m */; };
		B3E87E90193579FB006F8DF4 /* OneViewController.xib in Resources */ = {isa = PBXBuildFile; fileRef = B3E87E8E193579FB006F8DF4 /* OneViewController.xib */; };
		B3FEFBC41952C70D0032003D /* arrow_down.png in Resources */ = {isa = PBXBuildFile; fileRef = B3FEFB5C1952C70D0032003D /* arrow_down.png */; };
		B3FEFBC51952C70D0032003D /* arrow_left-down.png in Resources */ = {isa = PBXBuildFile; fileRef = B3FEFB5D1952C70D0032003D /* arrow_left-down.png */; };
		B3FEFBC61952C70D0032003D /* arrow_left-up.png in Resources */ = {isa = PBXBuildFile; fileRef = B3FEFB5E1952C70D0032003D /* arrow_left-up.png */; };
		B3FEFBC71952C70D0032003D /* arrow_left.png in Resources */ = {isa = PBXBuildFile; fileRef = B3FEFB5F1952C70D0032003D /* arrow_left.png */; };
		B3FEFBC81952C70D0032003D /* arrow_right-down.png in Resources */ = {isa = PBXBuildFile; fileRef = B3FEFB601952C70D0032003D /* arrow_right-down.png */; };
		B3FEFBC91952C70D0032003D /* arrow_right-up.png in Resources */ = {isa = PBXBuildFile; fileRef = B3FEFB611952C70D0032003D /* arrow_right-up.png */; };
		B3FEFBCA1952C70D0032003D /* arrow_right.png in Resources */ = {isa = PBXBuildFile; fileRef = B3FEFB621952C70D0032003D /* arrow_right.png */; };
		B3FEFBCB1952C70D0032003D /* arrow_up.png in Resources */ = {isa = PBXBuildFile; fileRef = B3FEFB631952C70D0032003D /* arrow_up.png */; };
		B3FEFBCC1952C70D0032003D /* attention.png in Resources */ = {isa = PBXBuildFile; fileRef = B3FEFB641952C70D0032003D /* attention.png */; };
		B3FEFBCD1952C70D0032003D /* backward.png in Resources */ = {isa = PBXBuildFile; fileRef = B3FEFB651952C70D0032003D /* backward.png */; };
		B3FEFBCE1952C70D0032003D /* bag.png in Resources */ = {isa = PBXBuildFile; fileRef = B3FEFB661952C70D0032003D /* bag.png */; };
		B3FEFBCF1952C70D0032003D /* base.png in Resources */ = {isa = PBXBuildFile; fileRef = B3FEFB671952C70D0032003D /* base.png */; };
		B3FEFBD01952C70D0032003D /* bonus.png in Resources */ = {isa = PBXBuildFile; fileRef = B3FEFB681952C70D0032003D /* bonus.png */; };
		B3FEFBD11952C70D0032003D /* bug.png in Resources */ = {isa = PBXBuildFile; fileRef = B3FEFB691952C70D0032003D /* bug.png */; };
		B3FEFBD21952C70D0032003D /* calculator.png in Resources */ = {isa = PBXBuildFile; fileRef = B3FEFB6A1952C70D0032003D /* calculator.png */; };
		B3FEFBD31952C70D0032003D /* calendar.png in Resources */ = {isa = PBXBuildFile; fileRef = B3FEFB6B1952C70D0032003D /* calendar.png */; };
		B3FEFBD41952C70D0032003D /* cd_dvd.png in Resources */ = {isa = PBXBuildFile; fileRef = B3FEFB6C1952C70D0032003D /* cd_dvd.png */; };
		B3FEFBD51952C70D0032003D /* check-64.png in Resources */ = {isa = PBXBuildFile; fileRef = B3FEFB6D1952C70D0032003D /* check-64.png */; };
		B3FEFBD61952C70D0032003D /* check.png in Resources */ = {isa = PBXBuildFile; fileRef = B3FEFB6E1952C70D0032003D /* check.png */; };
		B3FEFBD71952C70D0032003D /* check_2.png in Resources */ = {isa = PBXBuildFile; fileRef = B3FEFB6F1952C70D0032003D /* check_2.png */; };
		B3FEFBD81952C70D0032003D /* close_delete.png in Resources */ = {isa = PBXBuildFile; fileRef = B3FEFB701952C70D0032003D /* close_delete.png */; };
		B3FEFBD91952C70D0032003D /* close_delete_2.png in Resources */ = {isa = PBXBuildFile; fileRef = B3FEFB711952C70D0032003D /* close_delete_2.png */; };
		B3FEFBDA1952C70D0032003D /* closed.png in Resources */ = {isa = PBXBuildFile; fileRef = B3FEFB721952C70D0032003D /* closed.png */; };
		B3FEFBDB1952C70D0032003D /* comment.png in Resources */ = {isa = PBXBuildFile; fileRef = B3FEFB731952C70D0032003D /* comment.png */; };
		B3FEFBDC1952C70D0032003D /* computer.png in Resources */ = {isa = PBXBuildFile; fileRef = B3FEFB741952C70D0032003D /* computer.png */; };
		B3FEFBDD1952C70D0032003D /* computer_monitor.png in Resources */ = {isa = PBXBuildFile; fileRef = B3FEFB751952C70D0032003D /* computer_monitor.png */; };
		B3FEFBDE1952C70D0032003D /* copy.png in Resources */ = {isa = PBXBuildFile; fileRef = B3FEFB761952C70D0032003D /* copy.png */; };
		B3FEFBDF1952C70D0032003D /* credit_card.png in Resources */ = {isa = PBXBuildFile; fileRef = B3FEFB771952C70D0032003D /* credit_card.png */; };
		B3FEFBE01952C70D0032003D /* credit_card_back.png in Resources */ = {isa = PBXBuildFile; fileRef = B3FEFB781952C70D0032003D /* credit_card_back.png */; };
		B3FEFBE11952C70D0032003D /* cut.png in Resources */ = {isa = PBXBuildFile; fileRef = B3FEFB791952C70D0032003D /* cut.png */; };
		B3FEFBE21952C70D0032003D /* delete_2.png in Resources */ = {isa = PBXBuildFile; fileRef = B3FEFB7A1952C70D0032003D /* delete_2.png */; };
		B3FEFBE31952C70D0032003D /* document_file.png in Resources */ = {isa = PBXBuildFile; fileRef = B3FEFB7B1952C70D0032003D /* document_file.png */; };
		B3FEFBE41952C70D0032003D /* email.png in Resources */ = {isa = PBXBuildFile; fileRef = B3FEFB7C1952C70D0032003D /* email.png */; };
		B3FEFBE51952C70D0032003D /* eraser.png in Resources */ = {isa = PBXBuildFile; fileRef = B3FEFB7D1952C70D0032003D /* eraser.png */; };
		B3FEFBE61952C70D0032003D /* favorite_love.png in Resources */ = {isa = PBXBuildFile; fileRef = B3FEFB7E1952C70D0032003D /* favorite_love.png */; };
		B3FEFBE71952C70D0032003D /* flag_mark_blue.png in Resources */ = {isa = PBXBuildFile; fileRef = B3FEFB7F1952C70D0032003D /* flag_mark_blue.png */; };
		B3FEFBE81952C70D0032003D /* flag_mark_green.png in Resources */ = {isa = PBXBuildFile; fileRef = B3FEFB801952C70D0032003D /* flag_mark_green.png */; };
		B3FEFBE91952C70D0032003D /* flag_mark_red.png in Resources */ = {isa = PBXBuildFile; fileRef = B3FEFB811952C70D0032003D /* flag_mark_red.png */; };
		B3FEFBEA1952C70D0032003D /* flag_mark_violet.png in Resources */ = {isa = PBXBuildFile; fileRef = B3FEFB821952C70D0032003D /* flag_mark_violet.png */; };
		B3FEFBEB1952C70D0032003D /* folder.png in Resources */ = {isa = PBXBuildFile; fileRef = B3FEFB831952C70D0032003D /* folder.png */; };
		B3FEFBEC1952C70D0032003D /* forward.png in Resources */ = {isa = PBXBuildFile; fileRef = B3FEFB841952C70D0032003D /* forward.png */; };
		B3FEFBED1952C70D0032003D /* friends_group.png in Resources */ = {isa = PBXBuildFile; fileRef = B3FEFB851952C70D0032003D /* friends_group.png */; };
		B3FEFBEE1952C70D0032003D /* help.png in Resources */ = {isa = PBXBuildFile; fileRef = B3FEFB861952C70D0032003D /* help.png */; };
		B3FEFBEF1952C70D0032003D /* help_ring-buoy.png in Resources */ = {isa = PBXBuildFile; fileRef = B3FEFB871952C70D0032003D /* help_ring-buoy.png */; };
		B3FEFBF01952C70D0032003D /* home.png in Resources */ = {isa = PBXBuildFile; fileRef = B3FEFB881952C70D0032003D /* home.png */; };
		B3FEFBF11952C70D0032003D /* information.png in Resources */ = {isa = PBXBuildFile; fileRef = B3FEFB891952C70D0032003D /* information.png */; };
		B3FEFBF21952C70D0032003D /* ipod.png in Resources */ = {isa = PBXBuildFile; fileRef = B3FEFB8A1952C70D0032003D /* ipod.png */; };
		B3FEFBF31952C70D0032003D /* key_login.png in Resources */ = {isa = PBXBuildFile; fileRef = B3FEFB8B1952C70D0032003D /* key_login.png */; };
		B3FEFBF41952C70D0032003D /* lock.png in Resources */ = {isa = PBXBuildFile; fileRef = B3FEFB8C1952C70D0032003D /* lock.png */; };
		B3FEFBF51952C70D0032003D /* minus.png in Resources */ = {isa = PBXBuildFile; fileRef = B3FEFB8D1952C70D0032003D /* minus.png */; };
		B3FEFBF61952C70D0032003D /* mobile_phone.png in Resources */ = {isa = PBXBuildFile; fileRef = B3FEFB8E1952C70D0032003D /* mobile_phone.png */; };
		B3FEFBF71952C70D0032003D /* network.png in Resources */ = {isa = PBXBuildFile; fileRef = B3FEFB8F1952C70D0032003D /* network.png */; };
		B3FEFBF81952C70D0032003D /* network_close.png in Resources */ = {isa = PBXBuildFile; fileRef = B3FEFB901952C70D0032003D /* network_close.png */; };
		B3FEFBF91952C70D0032003D /* new_email.png in Resources */ = {isa = PBXBuildFile; fileRef = B3FEFB911952C70D0032003D /* new_email.png */; };
		B3FEFBFA1952C70D0032003D /* next.png in Resources */ = {isa = PBXBuildFile; fileRef = B3FEFB921952C70D0032003D /* next.png */; };
		B3FEFBFB1952C70D0032003D /* opened.png in Resources */ = {isa = PBXBuildFile; fileRef = B3FEFB931952C70D0032003D /* opened.png */; };
		B3FEFBFC1952C70D0032003D /* options.png in Resources */ = {isa = PBXBuildFile; fileRef = B3FEFB941952C70D0032003D /* options.png */; };
		B3FEFBFD1952C70D0032003D /* options_2.png in Resources */ = {isa = PBXBuildFile; fileRef = B3FEFB951952C70D0032003D /* options_2.png */; };
		B3FEFBFE1952C70D0032003D /* paste.png in Resources */ = {isa = PBXBuildFile; fileRef = B3FEFB961952C70D0032003D /* paste.png */; };
		B3FEFBFF1952C70D0032003D /* pause.png in Resources */ = {isa = PBXBuildFile; fileRef = B3FEFB971952C70D0032003D /* pause.png */; };
		B3FEFC001952C70D0032003D /* pencil_edit.png in Resources */ = {isa = PBXBuildFile; fileRef = B3FEFB981952C70D0032003D /* pencil_edit.png */; };
		B3FEFC011952C70D0032003D /* pie-chart_diagram.png in Resources */ = {isa = PBXBuildFile; fileRef = B3FEFB991952C70D0032003D /* pie-chart_diagram.png */; };
		B3FEFC021952C70D0032003D /* pie-chart_graph.png in Resources */ = {isa = PBXBuildFile; fileRef = B3FEFB9A1952C70D0032003D /* pie-chart_graph.png */; };
		B3FEFC031952C70D0032003D /* play.png in Resources */ = {isa = PBXBuildFile; fileRef = B3FEFB9B1952C70D0032003D /* play.png */; };
		B3FEFC041952C70D0032003D /* plus.png in Resources */ = {isa = PBXBuildFile; fileRef = B3FEFB9C1952C70D0032003D /* plus.png */; };
		B3FEFC051952C70D0032003D /* plus_2.png in Resources */ = {isa = PBXBuildFile; fileRef = B3FEFB9D1952C70D0032003D /* plus_2.png */; };
		B3FEFC061952C70D0032003D /* previous.png in Resources */ = {isa = PBXBuildFile; fileRef = B3FEFB9E1952C70D0032003D /* previous.png */; };
		B3FEFC071952C70D0032003D /* printer.png in Resources */ = {isa = PBXBuildFile; fileRef = B3FEFB9F1952C70D0032003D /* printer.png */; };
		B3FEFC081952C70D0032003D /* radio-button_off.png in Resources */ = {isa = PBXBuildFile; fileRef = B3FEFBA01952C70D0032003D /* radio-button_off.png */; };
		B3FEFC091952C70D0032003D /* radio-button_on.png in Resources */ = {isa = PBXBuildFile; fileRef = B3FEFBA11952C70D0032003D /* radio-button_on.png */; };
		B3FEFC0A1952C70D0032003D /* readme.html in Resources */ = {isa = PBXBuildFile; fileRef = B3FEFBA21952C70D0032003D /* readme.html */; };
		B3FEFC0B1952C70D0032003D /* record.png in Resources */ = {isa = PBXBuildFile; fileRef = B3FEFBA31952C70D0032003D /* record.png */; };
		B3FEFC0C1952C70D0032003D /* refresh.png in Resources */ = {isa = PBXBuildFile; fileRef = B3FEFBA41952C70D0032003D /* refresh.png */; };
		B3FEFC0D1952C70D0032003D /* rss.png in Resources */ = {isa = PBXBuildFile; fileRef = B3FEFBA51952C70D0032003D /* rss.png */; };
		B3FEFC0E1952C70D0032003D /* save_as.png in Resources */ = {isa = PBXBuildFile; fileRef = B3FEFBA61952C70D0032003D /* save_as.png */; };
		B3FEFC0F1952C70D0032003D /* save_diskette_floppy_disk.png in Resources */ = {isa = PBXBuildFile; fileRef = B3FEFBA71952C70D0032003D /* save_diskette_floppy_disk.png */; };
		B3FEFC101952C70D0032003D /* search_lense.png in Resources */ = {isa = PBXBuildFile; fileRef = B3FEFBA81952C70D0032003D /* search_lense.png */; };
		B3FEFC111952C70D0032003D /* shield_protect_off.png in Resources */ = {isa = PBXBuildFile; fileRef = B3FEFBA91952C70D0032003D /* shield_protect_off.png */; };
		B3FEFC121952C70D0032003D /* shield_protect_on.png in Resources */ = {isa = PBXBuildFile; fileRef = B3FEFBAA1952C70D0032003D /* shield_protect_on.png */; };
		B3FEFC131952C70D0032003D /* shopping_cart.png in Resources */ = {isa = PBXBuildFile; fileRef = B3FEFBAB1952C70D0032003D /* shopping_cart.png */; };
		B3FEFC141952C70D0032003D /* shopping_cart_empty.png in Resources */ = {isa = PBXBuildFile; fileRef = B3FEFBAC1952C70D0032003D /* shopping_cart_empty.png */; };
		B3FEFC151952C70D0032003D /* smartphone_2.png in Resources */ = {isa = PBXBuildFile; fileRef = B3FEFBAD1952C70D0032003D /* smartphone_2.png */; };
		B3FEFC161952C70D0032003D /* smartphone_iphone.png in Resources */ = {isa = PBXBuildFile; fileRef = B3FEFBAE1952C70D0032003D /* smartphone_iphone.png */; };
		B3FEFC171952C70D0032003D /* sound_music-off.png in Resources */ = {isa = PBXBuildFile; fileRef = B3FEFBAF1952C70D0032003D /* sound_music-off.png */; };
		B3FEFC181952C70D0032003D /* sound_music-on.png in Resources */ = {isa = PBXBuildFile; fileRef = B3FEFBB01952C70D0032003D /* sound_music-on.png */; };
		B3FEFC191952C70D0032003D /* star_2.png in Resources */ = {isa = PBXBuildFile; fileRef = B3FEFBB11952C70D0032003D /* star_2.png */; };
		B3FEFC1A1952C70D0032003D /* stop.png in Resources */ = {isa = PBXBuildFile; fileRef = B3FEFBB21952C70D0032003D /* stop.png */; };
		B3FEFC1B1952C70D0032003D /* stop_2.png in Resources */ = {isa = PBXBuildFile; fileRef = B3FEFBB31952C70D0032003D /* stop_2.png */; };
		B3FEFC1C1952C70D0032003D /* tag_blue.png in Resources */ = {isa = PBXBuildFile; fileRef = B3FEFBB41952C70D0032003D /* tag_blue.png */; };
		B3FEFC1D1952C70D0032003D /* tag_gray.png in Resources */ = {isa = PBXBuildFile; fileRef = B3FEFBB51952C70D0032003D /* tag_gray.png */; };
		B3FEFC1E1952C70D0032003D /* tag_green.png in Resources */ = {isa = PBXBuildFile; fileRef = B3FEFBB61952C70D0032003D /* tag_green.png */; };
		B3FEFC1F1952C70D0032003D /* tag_orange.png in Resources */ = {isa = PBXBuildFile; fileRef = B3FEFBB71952C70D0032003D /* tag_orange.png */; };
		B3FEFC201952C70D0032003D /* tag_red.png in Resources */ = {isa = PBXBuildFile; fileRef = B3FEFBB81952C70D0032003D /* tag_red.png */; };
		B3FEFC211952C70D0032003D /* tag_violet.png in Resources */ = {isa = PBXBuildFile; fileRef = B3FEFBB91952C70D0032003D /* tag_violet.png */; };
		B3FEFC221952C70D0032003D /* time_clock.png in Resources */ = {isa = PBXBuildFile; fileRef = B3FEFBBA1952C70D0032003D /* time_clock.png */; };
		B3FEFC231952C70D0032003D /* trash_box.png in Resources */ = {isa = PBXBuildFile; fileRef = B3FEFBBB1952C70D0032003D /* trash_box.png */; };
		B3FEFC241952C70D0032003D /* trash_box_2.png in Resources */ = {isa = PBXBuildFile; fileRef = B3FEFBBC1952C70D0032003D /* trash_box_2.png */; };
		B3FEFC251952C70D0032003D /* unlock.png in Resources */ = {isa = PBXBuildFile; fileRef = B3FEFBBD1952C70D0032003D /* unlock.png */; };
		B3FEFC261952C70D0032003D /* user_friend.png in Resources */ = {isa = PBXBuildFile; fileRef = B3FEFBBE1952C70D0032003D /* user_friend.png */; };
		B3FEFC271952C70D0032003D /* user_woman.png in Resources */ = {isa = PBXBuildFile; fileRef = B3FEFBBF1952C70D0032003D /* user_woman.png */; };
		B3FEFC281952C70D0032003D /* vote_no.png in Resources */ = {isa = PBXBuildFile; fileRef = B3FEFBC01952C70D0032003D /* vote_no.png */; };
		B3FEFC291952C70D0032003D /* vote_yes.png in Resources */ = {isa = PBXBuildFile; fileRef = B3FEFBC11952C70D0032003D /* vote_yes.png */; };
		B3FEFC2A1952C70D0032003D /* wizard.png in Resources */ = {isa = PBXBuildFile; fileRef = B3FEFBC21952C70D0032003D /* wizard.png */; };
		B3FEFC2B1952C70D0032003D /* 懒人图库.url in Resources */ = {isa = PBXBuildFile; fileRef = B3FEFBC31952C70D0032003D /* 懒人图库.url */; };
		B3FEFC2E195401040032003D /* MyCollectionViewCell.m in Sources */ = {isa = PBXBuildFile; fileRef = B3FEFC2D195401040032003D /* MyCollectionViewCell.m */; };
		B3FEFC3019540B4A0032003D /* MyCollectionViewCell.xib in Resources */ = {isa = PBXBuildFile; fileRef = B3FEFC2F19540B490032003D /* MyCollectionViewCell.xib */; };
/* End PBXBuildFile section */

/* Begin PBXContainerItemProxy section */
		B3E87E7919357938006F8DF4 /* PBXContainerItemProxy */ = {
			isa = PBXContainerItemProxy;
			containerPortal = B3E87E5119357937006F8DF4 /* Project object */;
			proxyType = 1;
			remoteGlobalIDString = B3E87E5819357938006F8DF4;
			remoteInfo = WWW;
		};
/* End PBXContainerItemProxy section */

/* Begin PBXFileReference section */
		B310E0E419382B6100A660A2 /* OneCell.h */ = {isa = PBXFileReference; fileEncoding = 4; lastKnownFileType = sourcecode.c.h; path = OneCell.h; sourceTree = "<group>"; };
		B310E0E519382B6100A660A2 /* OneCell.m */ = {isa = PBXFileReference; fileEncoding = 4; lastKnownFileType = sourcecode.c.objc; path = OneCell.m; sourceTree = "<group>"; };
		B310E0E7193855C800A660A2 /* item.png */ = {isa = PBXFileReference; lastKnownFileType = image.png; path = item.png; sourceTree = "<group>"; };
		B310E0EC1938702900A660A2 /* section_bg.png */ = {isa = PBXFileReference; lastKnownFileType = image.png; path = section_bg.png; sourceTree = "<group>"; };
		B310E0EF1938816000A660A2 /* TwoViewController.h */ = {isa = PBXFileReference; fileEncoding = 4; lastKnownFileType = sourcecode.c.h; path = TwoViewController.h; sourceTree = "<group>"; };
		B310E0F01938816000A660A2 /* TwoViewController.m */ = {isa = PBXFileReference; fileEncoding = 4; lastKnownFileType = sourcecode.c.objc; path = TwoViewController.m; sourceTree = "<group>"; };
		B310E0F11938816000A660A2 /* TwoViewController.xib */ = {isa = PBXFileReference; fileEncoding = 4; lastKnownFileType = file.xib; path = TwoViewController.xib; sourceTree = "<group>"; };
		B37CF35B194EEA9D0064EA15 /* ThreeViewController.h */ = {isa = PBXFileReference; fileEncoding = 4; lastKnownFileType = sourcecode.c.h; path = ThreeViewController.h; sourceTree = "<group>"; };
		B37CF35C194EEA9D0064EA15 /* ThreeViewController.m */ = {isa = PBXFileReference; fileEncoding = 4; lastKnownFileType = sourcecode.c.objc; path = ThreeViewController.m; sourceTree = "<group>"; };
		B37CF35D194EEA9D0064EA15 /* ThreeViewController.xib */ = {isa = PBXFileReference; fileEncoding = 4; lastKnownFileType = file.xib; path = ThreeViewController.xib; sourceTree = "<group>"; };
		B37CF361195018070064EA15 /* MyTabBarController.h */ = {isa = PBXFileReference; fileEncoding = 4; lastKnownFileType = sourcecode.c.h; path = MyTabBarController.h; sourceTree = "<group>"; };
		B37CF362195018070064EA15 /* MyTabBarController.m */ = {isa = PBXFileReference; fileEncoding = 4; lastKnownFileType = sourcecode.c.objc; path = MyTabBarController.m; sourceTree = "<group>"; };
		B37CF36519501A000064EA15 /* bottom.png */ = {isa = PBXFileReference; lastKnownFileType = image.png; path = bottom.png; sourceTree = "<group>"; };
		B37CF36619501A000064EA15 /* tab_0.png */ = {isa = PBXFileReference; lastKnownFileType = image.png; path = tab_0.png; sourceTree = "<group>"; };
		B37CF36719501A000064EA15 /* tab_s0.png */ = {isa = PBXFileReference; lastKnownFileType = image.png; path = tab_s0.png; sourceTree = "<group>"; };
		B37CF36819501A000064EA15 /* tab_s1.png */ = {isa = PBXFileReference; lastKnownFileType = image.png; path = tab_s1.png; sourceTree = "<group>"; };
		B37CF36919501A000064EA15 /* tab_1.png */ = {isa = PBXFileReference; lastKnownFileType = image.png; path = tab_1.png; sourceTree = "<group>"; };
		B37CF36B19501A000064EA15 /* tab_s2.png */ = {isa = PBXFileReference; lastKnownFileType = image.png; path = tab_s2.png; sourceTree = "<group>"; };
		B37CF36C19501A000064EA15 /* tab_2.png */ = {isa = PBXFileReference; lastKnownFileType = image.png; path = tab_2.png; sourceTree = "<group>"; };
		B37CF36D19501A000064EA15 /* tab_3.png */ = {isa = PBXFileReference; lastKnownFileType = image.png; path = tab_3.png; sourceTree = "<group>"; };
		B37CF36E19501A000064EA15 /* tab_s3.png */ = {isa = PBXFileReference; lastKnownFileType = image.png; path = tab_s3.png; sourceTree = "<group>"; };
		B37CF37A19501E6F0064EA15 /* FourViewController.h */ = {isa = PBXFileReference; fileEncoding = 4; lastKnownFileType = sourcecode.c.h; path = FourViewController.h; sourceTree = "<group>"; };
		B37CF37B19501E6F0064EA15 /* FourViewController.m */ = {isa = PBXFileReference; fileEncoding = 4; lastKnownFileType = sourcecode.c.objc; path = FourViewController.m; sourceTree = "<group>"; };
		B37CF37C19501E6F0064EA15 /* FourViewController.xib */ = {isa = PBXFileReference; fileEncoding = 4; lastKnownFileType = file.xib; path = FourViewController.xib; sourceTree = "<group>"; };
		B37CF38019501EAE0064EA15 /* FiveViewController.h */ = {isa = PBXFileReference; fileEncoding = 4; lastKnownFileType = sourcecode.c.h; path = FiveViewController.h; sourceTree = "<group>"; };
		B37CF38119501EAE0064EA15 /* FiveViewController.m */ = {isa = PBXFileReference; fileEncoding = 4; lastKnownFileType = sourcecode.c.objc; path = FiveViewController.m; sourceTree = "<group>"; };
		B37CF38219501EAE0064EA15 /* FiveViewController.xib */ = {isa = PBXFileReference; fileEncoding = 4; lastKnownFileType = file.xib; path = FiveViewController.xib; sourceTree = "<group>"; };
		B3AA41A8194A867700579A3D /* MyUncaughtExceptionHandler.h */ = {isa = PBXFileReference; fileEncoding = 4; lastKnownFileType = sourcecode.c.h; path = MyUncaughtExceptionHandler.h; sourceTree = "<group>"; };
		B3AA41A9194A867700579A3D /* MyUncaughtExceptionHandler.m */ = {isa = PBXFileReference; fileEncoding = 4; lastKnownFileType = sourcecode.c.objc; path = MyUncaughtExceptionHandler.m; sourceTree = "<group>"; };
		B3DCDAA6193EE9C200BAD04B /* DBCommon.h */ = {isa = PBXFileReference; fileEncoding = 4; lastKnownFileType = sourcecode.c.h; path = DBCommon.h; sourceTree = "<group>"; };
		B3DCDAA7193EE9C200BAD04B /* DBCommon.m */ = {isa = PBXFileReference; fileEncoding = 4; lastKnownFileType = sourcecode.c.objc; path = DBCommon.m; sourceTree = "<group>"; };
		B3DCDAA9193EF8D000BAD04B /* libsqlite3.dylib */ = {isa = PBXFileReference; lastKnownFileType = "compiled.mach-o.dylib"; name = libsqlite3.dylib; path = usr/lib/libsqlite3.dylib; sourceTree = SDKROOT; };
		B3DCDAAD193F0E6D00BAD04B /* DBUtil.h */ = {isa = PBXFileReference; fileEncoding = 4; lastKnownFileType = sourcecode.c.h; path = DBUtil.h; sourceTree = "<group>"; };
		B3DCDAAE193F0E6D00BAD04B /* DBUtil.m */ = {isa = PBXFileReference; fileEncoding = 4; lastKnownFileType = sourcecode.c.objc; path = DBUtil.m; sourceTree = "<group>"; };
		B3E32991194004B20041817A /* w.db */ = {isa = PBXFileReference; lastKnownFileType = file; path = w.db; sourceTree = "<group>"; };
		B3E32993194055470041817A /* BusinessUtil.h */ = {isa = PBXFileReference; fileEncoding = 4; lastKnownFileType = sourcecode.c.h; path = BusinessUtil.h; sourceTree = "<group>"; };
		B3E32994194055470041817A /* BusinessUtil.m */ = {isa = PBXFileReference; fileEncoding = 4; lastKnownFileType = sourcecode.c.objc; path = BusinessUtil.m; sourceTree = "<group>"; };
		B3E87E5919357938006F8DF4 /* WWW.app */ = {isa = PBXFileReference; explicitFileType = wrapper.application; includeInIndex = 0; path = WWW.app; sourceTree = BUILT_PRODUCTS_DIR; };
		B3E87E5C19357938006F8DF4 /* Foundation.framework */ = {isa = PBXFileReference; lastKnownFileType = wrapper.framework; name = Foundation.framework; path = System/Library/Frameworks/Foundation.framework; sourceTree = SDKROOT; };
		B3E87E5E19357938006F8DF4 /* CoreGraphics.framework */ = {isa = PBXFileReference; lastKnownFileType = wrapper.framework; name = CoreGraphics.framework; path = System/Library/Frameworks/CoreGraphics.framework; sourceTree = SDKROOT; };
		B3E87E6019357938006F8DF4 /* UIKit.framework */ = {isa = PBXFileReference; lastKnownFileType = wrapper.framework; name = UIKit.framework; path = System/Library/Frameworks/UIKit.framework; sourceTree = SDKROOT; };
		B3E87E6419357938006F8DF4 /* WWW-Info.plist */ = {isa = PBXFileReference; lastKnownFileType = text.plist.xml; path = "WWW-Info.plist"; sourceTree = "<group>"; };
		B3E87E6619357938006F8DF4 /* en */ = {isa = PBXFileReference; lastKnownFileType = text.plist.strings; name = en; path = en.lproj/InfoPlist.strings; sourceTree = "<group>"; };
		B3E87E6819357938006F8DF4 /* main.m */ = {isa = PBXFileReference; lastKnownFileType = sourcecode.c.objc; path = main.m; sourceTree = "<group>"; };
		B3E87E6A19357938006F8DF4 /* WWW-Prefix.pch */ = {isa = PBXFileReference; lastKnownFileType = sourcecode.c.h; path = "WWW-Prefix.pch"; sourceTree = "<group>"; };
		B3E87E6B19357938006F8DF4 /* AppDelegate.h */ = {isa = PBXFileReference; lastKnownFileType = sourcecode.c.h; path = AppDelegate.h; sourceTree = "<group>"; };
		B3E87E6C19357938006F8DF4 /* AppDelegate.m */ = {isa = PBXFileReference; lastKnownFileType = sourcecode.c.objc; path = AppDelegate.m; sourceTree = "<group>"; };
		B3E87E6E19357938006F8DF4 /* Images.xcassets */ = {isa = PBXFileReference; lastKnownFileType = folder.assetcatalog; path = Images.xcassets; sourceTree = "<group>"; };
		B3E87E7419357938006F8DF4 /* WWWTests.xctest */ = {isa = PBXFileReference; explicitFileType = wrapper.cfbundle; includeInIndex = 0; path = WWWTests.xctest; sourceTree = BUILT_PRODUCTS_DIR; };
		B3E87E7519357938006F8DF4 /* XCTest.framework */ = {isa = PBXFileReference; lastKnownFileType = wrapper.framework; name = XCTest.framework; path = Library/Frameworks/XCTest.framework; sourceTree = DEVELOPER_DIR; };
		B3E87E7D19357938006F8DF4 /* WWWTests-Info.plist */ = {isa = PBXFileReference; lastKnownFileType = text.plist.xml; path = "WWWTests-Info.plist"; sourceTree = "<group>"; };
		B3E87E7F19357938006F8DF4 /* en */ = {isa = PBXFileReference; lastKnownFileType = text.plist.strings; name = en; path = en.lproj/InfoPlist.strings; sourceTree = "<group>"; };
		B3E87E8119357938006F8DF4 /* WWWTests.m */ = {isa = PBXFileReference; lastKnownFileType = sourcecode.c.objc; path = WWWTests.m; sourceTree = "<group>"; };
		B3E87E8C193579FB006F8DF4 /* OneViewController.h */ = {isa = PBXFileReference; fileEncoding = 4; lastKnownFileType = sourcecode.c.h; path = OneViewController.h; sourceTree = "<group>"; };
		B3E87E8D193579FB006F8DF4 /* OneViewController.m */ = {isa = PBXFileReference; fileEncoding = 4; lastKnownFileType = sourcecode.c.objc; path = OneViewController.m; sourceTree = "<group>"; };
		B3E87E8E193579FB006F8DF4 /* OneViewController.xib */ = {isa = PBXFileReference; fileEncoding = 4; lastKnownFileType = file.xib; path = OneViewController.xib; sourceTree = "<group>"; };
		B3FEFB5C1952C70D0032003D /* arrow_down.png */ = {isa = PBXFileReference; lastKnownFileType = image.png; path = arrow_down.png; sourceTree = "<group>"; };
		B3FEFB5D1952C70D0032003D /* arrow_left-down.png */ = {isa = PBXFileReference; lastKnownFileType = image.png; path = "arrow_left-down.png"; sourceTree = "<group>"; };
		B3FEFB5E1952C70D0032003D /* arrow_left-up.png */ = {isa = PBXFileReference; lastKnownFileType = image.png; path = "arrow_left-up.png"; sourceTree = "<group>"; };
		B3FEFB5F1952C70D0032003D /* arrow_left.png */ = {isa = PBXFileReference; lastKnownFileType = image.png; path = arrow_left.png; sourceTree = "<group>"; };
		B3FEFB601952C70D0032003D /* arrow_right-down.png */ = {isa = PBXFileReference; lastKnownFileType = image.png; path = "arrow_right-down.png"; sourceTree = "<group>"; };
		B3FEFB611952C70D0032003D /* arrow_right-up.png */ = {isa = PBXFileReference; lastKnownFileType = image.png; path = "arrow_right-up.png"; sourceTree = "<group>"; };
		B3FEFB621952C70D0032003D /* arrow_right.png */ = {isa = PBXFileReference; lastKnownFileType = image.png; path = arrow_right.png; sourceTree = "<group>"; };
		B3FEFB631952C70D0032003D /* arrow_up.png */ = {isa = PBXFileReference; lastKnownFileType = image.png; path = arrow_up.png; sourceTree = "<group>"; };
		B3FEFB641952C70D0032003D /* attention.png */ = {isa = PBXFileReference; lastKnownFileType = image.png; path = attention.png; sourceTree = "<group>"; };
		B3FEFB651952C70D0032003D /* backward.png */ = {isa = PBXFileReference; lastKnownFileType = image.png; path = backward.png; sourceTree = "<group>"; };
		B3FEFB661952C70D0032003D /* bag.png */ = {isa = PBXFileReference; lastKnownFileType = image.png; path = bag.png; sourceTree = "<group>"; };
		B3FEFB671952C70D0032003D /* base.png */ = {isa = PBXFileReference; lastKnownFileType = image.png; path = base.png; sourceTree = "<group>"; };
		B3FEFB681952C70D0032003D /* bonus.png */ = {isa = PBXFileReference; lastKnownFileType = image.png; path = bonus.png; sourceTree = "<group>"; };
		B3FEFB691952C70D0032003D /* bug.png */ = {isa = PBXFileReference; lastKnownFileType = image.png; path = bug.png; sourceTree = "<group>"; };
		B3FEFB6A1952C70D0032003D /* calculator.png */ = {isa = PBXFileReference; lastKnownFileType = image.png; path = calculator.png; sourceTree = "<group>"; };
		B3FEFB6B1952C70D0032003D /* calendar.png */ = {isa = PBXFileReference; lastKnownFileType = image.png; path = calendar.png; sourceTree = "<group>"; };
		B3FEFB6C1952C70D0032003D /* cd_dvd.png */ = {isa = PBXFileReference; lastKnownFileType = image.png; path = cd_dvd.png; sourceTree = "<group>"; };
		B3FEFB6D1952C70D0032003D /* check-64.png */ = {isa = PBXFileReference; lastKnownFileType = image.png; path = "check-64.png"; sourceTree = "<group>"; };
		B3FEFB6E1952C70D0032003D /* check.png */ = {isa = PBXFileReference; lastKnownFileType = image.png; path = check.png; sourceTree = "<group>"; };
		B3FEFB6F1952C70D0032003D /* check_2.png */ = {isa = PBXFileReference; lastKnownFileType = image.png; path = check_2.png; sourceTree = "<group>"; };
		B3FEFB701952C70D0032003D /* close_delete.png */ = {isa = PBXFileReference; lastKnownFileType = image.png; path = close_delete.png; sourceTree = "<group>"; };
		B3FEFB711952C70D0032003D /* close_delete_2.png */ = {isa = PBXFileReference; lastKnownFileType = image.png; path = close_delete_2.png; sourceTree = "<group>"; };
		B3FEFB721952C70D0032003D /* closed.png */ = {isa = PBXFileReference; lastKnownFileType = image.png; path = closed.png; sourceTree = "<group>"; };
		B3FEFB731952C70D0032003D /* comment.png */ = {isa = PBXFileReference; lastKnownFileType = image.png; path = comment.png; sourceTree = "<group>"; };
		B3FEFB741952C70D0032003D /* computer.png */ = {isa = PBXFileReference; lastKnownFileType = image.png; path = computer.png; sourceTree = "<group>"; };
		B3FEFB751952C70D0032003D /* computer_monitor.png */ = {isa = PBXFileReference; lastKnownFileType = image.png; path = computer_monitor.png; sourceTree = "<group>"; };
		B3FEFB761952C70D0032003D /* copy.png */ = {isa = PBXFileReference; lastKnownFileType = image.png; path = copy.png; sourceTree = "<group>"; };
		B3FEFB771952C70D0032003D /* credit_card.png */ = {isa = PBXFileReference; lastKnownFileType = image.png; path = credit_card.png; sourceTree = "<group>"; };
		B3FEFB781952C70D0032003D /* credit_card_back.png */ = {isa = PBXFileReference; lastKnownFileType = image.png; path = credit_card_back.png; sourceTree = "<group>"; };
		B3FEFB791952C70D0032003D /* cut.png */ = {isa = PBXFileReference; lastKnownFileType = image.png; path = cut.png; sourceTree = "<group>"; };
		B3FEFB7A1952C70D0032003D /* delete_2.png */ = {isa = PBXFileReference; lastKnownFileType = image.png; path = delete_2.png; sourceTree = "<group>"; };
		B3FEFB7B1952C70D0032003D /* document_file.png */ = {isa = PBXFileReference; lastKnownFileType = image.png; path = document_file.png; sourceTree = "<group>"; };
		B3FEFB7C1952C70D0032003D /* email.png */ = {isa = PBXFileReference; lastKnownFileType = image.png; path = email.png; sourceTree = "<group>"; };
		B3FEFB7D1952C70D0032003D /* eraser.png */ = {isa = PBXFileReference; lastKnownFileType = image.png; path = eraser.png; sourceTree = "<group>"; };
		B3FEFB7E1952C70D0032003D /* favorite_love.png */ = {isa = PBXFileReference; lastKnownFileType = image.png; path = favorite_love.png; sourceTree = "<group>"; };
		B3FEFB7F1952C70D0032003D /* flag_mark_blue.png */ = {isa = PBXFileReference; lastKnownFileType = image.png; path = flag_mark_blue.png; sourceTree = "<group>"; };
		B3FEFB801952C70D0032003D /* flag_mark_green.png */ = {isa = PBXFileReference; lastKnownFileType = image.png; path = flag_mark_green.png; sourceTree = "<group>"; };
		B3FEFB811952C70D0032003D /* flag_mark_red.png */ = {isa = PBXFileReference; lastKnownFileType = image.png; path = flag_mark_red.png; sourceTree = "<group>"; };
		B3FEFB821952C70D0032003D /* flag_mark_violet.png */ = {isa = PBXFileReference; lastKnownFileType = image.png; path = flag_mark_violet.png; sourceTree = "<group>"; };
		B3FEFB831952C70D0032003D /* folder.png */ = {isa = PBXFileReference; lastKnownFileType = image.png; path = folder.png; sourceTree = "<group>"; };
		B3FEFB841952C70D0032003D /* forward.png */ = {isa = PBXFileReference; lastKnownFileType = image.png; path = forward.png; sourceTree = "<group>"; };
		B3FEFB851952C70D0032003D /* friends_group.png */ = {isa = PBXFileReference; lastKnownFileType = image.png; path = friends_group.png; sourceTree = "<group>"; };
		B3FEFB861952C70D0032003D /* help.png */ = {isa = PBXFileReference; lastKnownFileType = image.png; path = help.png; sourceTree = "<group>"; };
		B3FEFB871952C70D0032003D /* help_ring-buoy.png */ = {isa = PBXFileReference; lastKnownFileType = image.png; path = "help_ring-buoy.png"; sourceTree = "<group>"; };
		B3FEFB881952C70D0032003D /* home.png */ = {isa = PBXFileReference; lastKnownFileType = image.png; path = home.png; sourceTree = "<group>"; };
		B3FEFB891952C70D0032003D /* information.png */ = {isa = PBXFileReference; lastKnownFileType = image.png; path = information.png; sourceTree = "<group>"; };
		B3FEFB8A1952C70D0032003D /* ipod.png */ = {isa = PBXFileReference; lastKnownFileType = image.png; path = ipod.png; sourceTree = "<group>"; };
		B3FEFB8B1952C70D0032003D /* key_login.png */ = {isa = PBXFileReference; lastKnownFileType = image.png; path = key_login.png; sourceTree = "<group>"; };
		B3FEFB8C1952C70D0032003D /* lock.png */ = {isa = PBXFileReference; lastKnownFileType = image.png; path = lock.png; sourceTree = "<group>"; };
		B3FEFB8D1952C70D0032003D /* minus.png */ = {isa = PBXFileReference; lastKnownFileType = image.png; path = minus.png; sourceTree = "<group>"; };
		B3FEFB8E1952C70D0032003D /* mobile_phone.png */ = {isa = PBXFileReference; lastKnownFileType = image.png; path = mobile_phone.png; sourceTree = "<group>"; };
		B3FEFB8F1952C70D0032003D /* network.png */ = {isa = PBXFileReference; lastKnownFileType = image.png; path = network.png; sourceTree = "<group>"; };
		B3FEFB901952C70D0032003D /* network_close.png */ = {isa = PBXFileReference; lastKnownFileType = image.png; path = network_close.png; sourceTree = "<group>"; };
		B3FEFB911952C70D0032003D /* new_email.png */ = {isa = PBXFileReference; lastKnownFileType = image.png; path = new_email.png; sourceTree = "<group>"; };
		B3FEFB921952C70D0032003D /* next.png */ = {isa = PBXFileReference; lastKnownFileType = image.png; path = next.png; sourceTree = "<group>"; };
		B3FEFB931952C70D0032003D /* opened.png */ = {isa = PBXFileReference; lastKnownFileType = image.png; path = opened.png; sourceTree = "<group>"; };
		B3FEFB941952C70D0032003D /* options.png */ = {isa = PBXFileReference; lastKnownFileType = image.png; path = options.png; sourceTree = "<group>"; };
		B3FEFB951952C70D0032003D /* options_2.png */ = {isa = PBXFileReference; lastKnownFileType = image.png; path = options_2.png; sourceTree = "<group>"; };
		B3FEFB961952C70D0032003D /* paste.png */ = {isa = PBXFileReference; lastKnownFileType = image.png; path = paste.png; sourceTree = "<group>"; };
		B3FEFB971952C70D0032003D /* pause.png */ = {isa = PBXFileReference; lastKnownFileType = image.png; path = pause.png; sourceTree = "<group>"; };
		B3FEFB981952C70D0032003D /* pencil_edit.png */ = {isa = PBXFileReference; lastKnownFileType = image.png; path = pencil_edit.png; sourceTree = "<group>"; };
		B3FEFB991952C70D0032003D /* pie-chart_diagram.png */ = {isa = PBXFileReference; lastKnownFileType = image.png; path = "pie-chart_diagram.png"; sourceTree = "<group>"; };
		B3FEFB9A1952C70D0032003D /* pie-chart_graph.png */ = {isa = PBXFileReference; lastKnownFileType = image.png; path = "pie-chart_graph.png"; sourceTree = "<group>"; };
		B3FEFB9B1952C70D0032003D /* play.png */ = {isa = PBXFileReference; lastKnownFileType = image.png; path = play.png; sourceTree = "<group>"; };
		B3FEFB9C1952C70D0032003D /* plus.png */ = {isa = PBXFileReference; lastKnownFileType = image.png; path = plus.png; sourceTree = "<group>"; };
		B3FEFB9D1952C70D0032003D /* plus_2.png */ = {isa = PBXFileReference; lastKnownFileType = image.png; path = plus_2.png; sourceTree = "<group>"; };
		B3FEFB9E1952C70D0032003D /* previous.png */ = {isa = PBXFileReference; lastKnownFileType = image.png; path = previous.png; sourceTree = "<group>"; };
		B3FEFB9F1952C70D0032003D /* printer.png */ = {isa = PBXFileReference; lastKnownFileType = image.png; path = printer.png; sourceTree = "<group>"; };
		B3FEFBA01952C70D0032003D /* radio-button_off.png */ = {isa = PBXFileReference; lastKnownFileType = image.png; path = "radio-button_off.png"; sourceTree = "<group>"; };
		B3FEFBA11952C70D0032003D /* radio-button_on.png */ = {isa = PBXFileReference; lastKnownFileType = image.png; path = "radio-button_on.png"; sourceTree = "<group>"; };
		B3FEFBA21952C70D0032003D /* readme.html */ = {isa = PBXFileReference; fileEncoding = 4; lastKnownFileType = text.html; path = readme.html; sourceTree = "<group>"; };
		B3FEFBA31952C70D0032003D /* record.png */ = {isa = PBXFileReference; lastKnownFileType = image.png; path = record.png; sourceTree = "<group>"; };
		B3FEFBA41952C70D0032003D /* refresh.png */ = {isa = PBXFileReference; lastKnownFileType = image.png; path = refresh.png; sourceTree = "<group>"; };
		B3FEFBA51952C70D0032003D /* rss.png */ = {isa = PBXFileReference; lastKnownFileType = image.png; path = rss.png; sourceTree = "<group>"; };
		B3FEFBA61952C70D0032003D /* save_as.png */ = {isa = PBXFileReference; lastKnownFileType = image.png; path = save_as.png; sourceTree = "<group>"; };
		B3FEFBA71952C70D0032003D /* save_diskette_floppy_disk.png */ = {isa = PBXFileReference; lastKnownFileType = image.png; path = save_diskette_floppy_disk.png; sourceTree = "<group>"; };
		B3FEFBA81952C70D0032003D /* search_lense.png */ = {isa = PBXFileReference; lastKnownFileType = image.png; path = search_lense.png; sourceTree = "<group>"; };
		B3FEFBA91952C70D0032003D /* shield_protect_off.png */ = {isa = PBXFileReference; lastKnownFileType = image.png; path = shield_protect_off.png; sourceTree = "<group>"; };
		B3FEFBAA1952C70D0032003D /* shield_protect_on.png */ = {isa = PBXFileReference; lastKnownFileType = image.png; path = shield_protect_on.png; sourceTree = "<group>"; };
		B3FEFBAB1952C70D0032003D /* shopping_cart.png */ = {isa = PBXFileReference; lastKnownFileType = image.png; path = shopping_cart.png; sourceTree = "<group>"; };
		B3FEFBAC1952C70D0032003D /* shopping_cart_empty.png */ = {isa = PBXFileReference; lastKnownFileType = image.png; path = shopping_cart_empty.png; sourceTree = "<group>"; };
		B3FEFBAD1952C70D0032003D /* smartphone_2.png */ = {isa = PBXFileReference; lastKnownFileType = image.png; path = smartphone_2.png; sourceTree = "<group>"; };
		B3FEFBAE1952C70D0032003D /* smartphone_iphone.png */ = {isa = PBXFileReference; lastKnownFileType = image.png; path = smartphone_iphone.png; sourceTree = "<group>"; };
		B3FEFBAF1952C70D0032003D /* sound_music-off.png */ = {isa = PBXFileReference; lastKnownFileType = image.png; path = "sound_music-off.png"; sourceTree = "<group>"; };
		B3FEFBB01952C70D0032003D /* sound_music-on.png */ = {isa = PBXFileReference; lastKnownFileType = image.png; path = "sound_music-on.png"; sourceTree = "<group>"; };
		B3FEFBB11952C70D0032003D /* star_2.png */ = {isa = PBXFileReference; lastKnownFileType = image.png; path = star_2.png; sourceTree = "<group>"; };
		B3FEFBB21952C70D0032003D /* stop.png */ = {isa = PBXFileReference; lastKnownFileType = image.png; path = stop.png; sourceTree = "<group>"; };
		B3FEFBB31952C70D0032003D /* stop_2.png */ = {isa = PBXFileReference; lastKnownFileType = image.png; path = stop_2.png; sourceTree = "<group>"; };
		B3FEFBB41952C70D0032003D /* tag_blue.png */ = {isa = PBXFileReference; lastKnownFileType = image.png; path = tag_blue.png; sourceTree = "<group>"; };
		B3FEFBB51952C70D0032003D /* tag_gray.png */ = {isa = PBXFileReference; lastKnownFileType = image.png; path = tag_gray.png; sourceTree = "<group>"; };
		B3FEFBB61952C70D0032003D /* tag_green.png */ = {isa = PBXFileReference; lastKnownFileType = image.png; path = tag_green.png; sourceTree = "<group>"; };
		B3FEFBB71952C70D0032003D /* tag_orange.png */ = {isa = PBXFileReference; lastKnownFileType = image.png; path = tag_orange.png; sourceTree = "<group>"; };
		B3FEFBB81952C70D0032003D /* tag_red.png */ = {isa = PBXFileReference; lastKnownFileType = image.png; path = tag_red.png; sourceTree = "<group>"; };
		B3FEFBB91952C70D0032003D /* tag_violet.png */ = {isa = PBXFileReference; lastKnownFileType = image.png; path = tag_violet.png; sourceTree = "<group>"; };
		B3FEFBBA1952C70D0032003D /* time_clock.png */ = {isa = PBXFileReference; lastKnownFileType = image.png; path = time_clock.png; sourceTree = "<group>"; };
		B3FEFBBB1952C70D0032003D /* trash_box.png */ = {isa = PBXFileReference; lastKnownFileType = image.png; path = trash_box.png; sourceTree = "<group>"; };
		B3FEFBBC1952C70D0032003D /* trash_box_2.png */ = {isa = PBXFileReference; lastKnownFileType = image.png; path = trash_box_2.png; sourceTree = "<group>"; };
		B3FEFBBD1952C70D0032003D /* unlock.png */ = {isa = PBXFileReference; lastKnownFileType = image.png; path = unlock.png; sourceTree = "<group>"; };
		B3FEFBBE1952C70D0032003D /* user_friend.png */ = {isa = PBXFileReference; lastKnownFileType = image.png; path = user_friend.png; sourceTree = "<group>"; };
		B3FEFBBF1952C70D0032003D /* user_woman.png */ = {isa = PBXFileReference; lastKnownFileType = image.png; path = user_woman.png; sourceTree = "<group>"; };
		B3FEFBC01952C70D0032003D /* vote_no.png */ = {isa = PBXFileReference; lastKnownFileType = image.png; path = vote_no.png; sourceTree = "<group>"; };
		B3FEFBC11952C70D0032003D /* vote_yes.png */ = {isa = PBXFileReference; lastKnownFileType = image.png; path = vote_yes.png; sourceTree = "<group>"; };
		B3FEFBC21952C70D0032003D /* wizard.png */ = {isa = PBXFileReference; lastKnownFileType = image.png; path = wizard.png; sourceTree = "<group>"; };
		B3FEFBC31952C70D0032003D /* 懒人图库.url */ = {isa = PBXFileReference; fileEncoding = 4; lastKnownFileType = text; path = "懒人图库.url"; sourceTree = "<group>"; };
		B3FEFC2C195401030032003D /* MyCollectionViewCell.h */ = {isa = PBXFileReference; fileEncoding = 4; lastKnownFileType = sourcecode.c.h; path = MyCollectionViewCell.h; sourceTree = "<group>"; };
		B3FEFC2D195401040032003D /* MyCollectionViewCell.m */ = {isa = PBXFileReference; fileEncoding = 4; lastKnownFileType = sourcecode.c.objc; path = MyCollectionViewCell.m; sourceTree = "<group>"; };
		B3FEFC2F19540B490032003D /* MyCollectionViewCell.xib */ = {isa = PBXFileReference; fileEncoding = 4; lastKnownFileType = file.xib; path = MyCollectionViewCell.xib; sourceTree = "<group>"; };
/* End PBXFileReference section */

/* Begin PBXFrameworksBuildPhase section */
		B3E87E5619357938006F8DF4 /* Frameworks */ = {
			isa = PBXFrameworksBuildPhase;
			buildActionMask = 2147483647;
			files = (
				B3DCDAAA193EF8D000BAD04B /* libsqlite3.dylib in Frameworks */,
				B3E87E5F19357938006F8DF4 /* CoreGraphics.framework in Frameworks */,
				B3E87E6119357938006F8DF4 /* UIKit.framework in Frameworks */,
				B3E87E5D19357938006F8DF4 /* Foundation.framework in Frameworks */,
			);
			runOnlyForDeploymentPostprocessing = 0;
		};
		B3E87E7119357938006F8DF4 /* Frameworks */ = {
			isa = PBXFrameworksBuildPhase;
			buildActionMask = 2147483647;
			files = (
				B3E87E7619357938006F8DF4 /* XCTest.framework in Frameworks */,
				B3E87E7819357938006F8DF4 /* UIKit.framework in Frameworks */,
				B3E87E7719357938006F8DF4 /* Foundation.framework in Frameworks */,
			);
			runOnlyForDeploymentPostprocessing = 0;
		};
/* End PBXFrameworksBuildPhase section */

/* Begin PBXGroup section */
		B310E0E9193855CE00A660A2 /* image */ = {
			isa = PBXGroup;
			children = (
				B3FEFB5B1952C70D0032003D /* 素材合集——32*32 */,
				B37CF36419501A000064EA15 /* image-tabbar */,
				B310E0EC1938702900A660A2 /* section_bg.png */,
				B310E0E7193855C800A660A2 /* item.png */,
			);
			name = image;
			sourceTree = "<group>";
		};
		B310E0EE1938812B00A660A2 /* Two */ = {
			isa = PBXGroup;
			children = (
				B310E0EF1938816000A660A2 /* TwoViewController.h */,
				B310E0F01938816000A660A2 /* TwoViewController.m */,
				B310E0F11938816000A660A2 /* TwoViewController.xib */,
			);
			name = Two;
			sourceTree = "<group>";
		};
		B37CF35A194EEA740064EA15 /* Three */ = {
			isa = PBXGroup;
			children = (
				B37CF35B194EEA9D0064EA15 /* ThreeViewController.h */,
				B37CF35C194EEA9D0064EA15 /* ThreeViewController.m */,
				B37CF35D194EEA9D0064EA15 /* ThreeViewController.xib */,
				B3FEFC2C195401030032003D /* MyCollectionViewCell.h */,
				B3FEFC2D195401040032003D /* MyCollectionViewCell.m */,
				B3FEFC2F19540B490032003D /* MyCollectionViewCell.xib */,
			);
			name = Three;
			sourceTree = "<group>";
		};
		B37CF360195017B30064EA15 /* TabBar */ = {
			isa = PBXGroup;
			children = (
				B37CF361195018070064EA15 /* MyTabBarController.h */,
				B37CF362195018070064EA15 /* MyTabBarController.m */,
				B3E87E6B19357938006F8DF4 /* AppDelegate.h */,
				B3E87E6C19357938006F8DF4 /* AppDelegate.m */,
			);
			name = TabBar;
			sourceTree = "<group>";
		};
		B37CF36419501A000064EA15 /* image-tabbar */ = {
			isa = PBXGroup;
			children = (
				B37CF36519501A000064EA15 /* bottom.png */,
				B37CF36619501A000064EA15 /* tab_0.png */,
				B37CF36719501A000064EA15 /* tab_s0.png */,
				B37CF36819501A000064EA15 /* tab_s1.png */,
				B37CF36919501A000064EA15 /* tab_1.png */,
				B37CF36B19501A000064EA15 /* tab_s2.png */,
				B37CF36C19501A000064EA15 /* tab_2.png */,
				B37CF36D19501A000064EA15 /* tab_3.png */,
				B37CF36E19501A000064EA15 /* tab_s3.png */,
			);
			name = "image-tabbar";
			path = "www_image_30*30";
			sourceTree = "<group>";
		};
		B37CF37919501E430064EA15 /* Four */ = {
			isa = PBXGroup;
			children = (
				B37CF37A19501E6F0064EA15 /* FourViewController.h */,
				B37CF37B19501E6F0064EA15 /* FourViewController.m */,
				B37CF37C19501E6F0064EA15 /* FourViewController.xib */,
			);
			name = Four;
			sourceTree = "<group>";
		};
		B37CF37F19501E9E0064EA15 /* Five */ = {
			isa = PBXGroup;
			children = (
				B37CF38019501EAE0064EA15 /* FiveViewController.h */,
				B37CF38119501EAE0064EA15 /* FiveViewController.m */,
				B37CF38219501EAE0064EA15 /* FiveViewController.xib */,
			);
			name = Five;
			sourceTree = "<group>";
		};
		B3DCDAA5193EE8D500BAD04B /* Common */ = {
			isa = PBXGroup;
			children = (
				B3DCDAA6193EE9C200BAD04B /* DBCommon.h */,
				B3DCDAA7193EE9C200BAD04B /* DBCommon.m */,
				B3DCDAAD193F0E6D00BAD04B /* DBUtil.h */,
				B3DCDAAE193F0E6D00BAD04B /* DBUtil.m */,
				B3E32993194055470041817A /* BusinessUtil.h */,
				B3E32994194055470041817A /* BusinessUtil.m */,
				B3AA41A8194A867700579A3D /* MyUncaughtExceptionHandler.h */,
				B3AA41A9194A867700579A3D /* MyUncaughtExceptionHandler.m */,
			);
			name = Common;
			sourceTree = "<group>";
		};
		B3E87E5019357937006F8DF4 = {
			isa = PBXGroup;
			children = (
				B3E87E6219357938006F8DF4 /* WWW */,
				B3E87E7B19357938006F8DF4 /* WWWTests */,
				B3E87E5B19357938006F8DF4 /* Frameworks */,
				B3E87E5A19357938006F8DF4 /* Products */,
			);
			sourceTree = "<group>";
		};
		B3E87E5A19357938006F8DF4 /* Products */ = {
			isa = PBXGroup;
			children = (
				B3E87E5919357938006F8DF4 /* WWW.app */,
				B3E87E7419357938006F8DF4 /* WWWTests.xctest */,
			);
			name = Products;
			sourceTree = "<group>";
		};
		B3E87E5B19357938006F8DF4 /* Frameworks */ = {
			isa = PBXGroup;
			children = (
				B3DCDAA9193EF8D000BAD04B /* libsqlite3.dylib */,
				B3E87E5C19357938006F8DF4 /* Foundation.framework */,
				B3E87E5E19357938006F8DF4 /* CoreGraphics.framework */,
				B3E87E6019357938006F8DF4 /* UIKit.framework */,
				B3E87E7519357938006F8DF4 /* XCTest.framework */,
			);
			name = Frameworks;
			sourceTree = "<group>";
		};
		B3E87E6219357938006F8DF4 /* WWW */ = {
			isa = PBXGroup;
			children = (
				B37CF360195017B30064EA15 /* TabBar */,
				B3DCDAA5193EE8D500BAD04B /* Common */,
				B3E87E8B193579E2006F8DF4 /* One */,
				B310E0EE1938812B00A660A2 /* Two */,
				B37CF35A194EEA740064EA15 /* Three */,
				B37CF37919501E430064EA15 /* Four */,
				B37CF37F19501E9E0064EA15 /* Five */,
				B310E0E9193855CE00A660A2 /* image */,
				B3E87E6E19357938006F8DF4 /* Images.xcassets */,
				B3E87E6319357938006F8DF4 /* Supporting Files */,
			);
			path = WWW;
			sourceTree = "<group>";
		};
		B3E87E6319357938006F8DF4 /* Supporting Files */ = {
			isa = PBXGroup;
			children = (
				B3E32991194004B20041817A /* w.db */,
				B3E87E6419357938006F8DF4 /* WWW-Info.plist */,
				B3E87E6519357938006F8DF4 /* InfoPlist.strings */,
				B3E87E6819357938006F8DF4 /* main.m */,
				B3E87E6A19357938006F8DF4 /* WWW-Prefix.pch */,
			);
			name = "Supporting Files";
			sourceTree = "<group>";
		};
		B3E87E7B19357938006F8DF4 /* WWWTests */ = {
			isa = PBXGroup;
			children = (
				B3E87E8119357938006F8DF4 /* WWWTests.m */,
				B3E87E7C19357938006F8DF4 /* Supporting Files */,
			);
			path = WWWTests;
			sourceTree = "<group>";
		};
		B3E87E7C19357938006F8DF4 /* Supporting Files */ = {
			isa = PBXGroup;
			children = (
				B3E87E7D19357938006F8DF4 /* WWWTests-Info.plist */,
				B3E87E7E19357938006F8DF4 /* InfoPlist.strings */,
			);
			name = "Supporting Files";
			sourceTree = "<group>";
		};
		B3E87E8B193579E2006F8DF4 /* One */ = {
			isa = PBXGroup;
			children = (
				B3E87E8C193579FB006F8DF4 /* OneViewController.h */,
				B3E87E8D193579FB006F8DF4 /* OneViewController.m */,
				B3E87E8E193579FB006F8DF4 /* OneViewController.xib */,
				B310E0E419382B6100A660A2 /* OneCell.h */,
				B310E0E519382B6100A660A2 /* OneCell.m */,
			);
			name = One;
			sourceTree = "<group>";
		};
		B3FEFB5B1952C70D0032003D /* 素材合集——32*32 */ = {
			isa = PBXGroup;
			children = (
				B3FEFB5C1952C70D0032003D /* arrow_down.png */,
				B3FEFB5D1952C70D0032003D /* arrow_left-down.png */,
				B3FEFB5E1952C70D0032003D /* arrow_left-up.png */,
				B3FEFB5F1952C70D0032003D /* arrow_left.png */,
				B3FEFB601952C70D0032003D /* arrow_right-down.png */,
				B3FEFB611952C70D0032003D /* arrow_right-up.png */,
				B3FEFB621952C70D0032003D /* arrow_right.png */,
				B3FEFB631952C70D0032003D /* arrow_up.png */,
				B3FEFB641952C70D0032003D /* attention.png */,
				B3FEFB651952C70D0032003D /* backward.png */,
				B3FEFB661952C70D0032003D /* bag.png */,
				B3FEFB671952C70D0032003D /* base.png */,
				B3FEFB681952C70D0032003D /* bonus.png */,
				B3FEFB691952C70D0032003D /* bug.png */,
				B3FEFB6A1952C70D0032003D /* calculator.png */,
				B3FEFB6B1952C70D0032003D /* calendar.png */,
				B3FEFB6C1952C70D0032003D /* cd_dvd.png */,
				B3FEFB6D1952C70D0032003D /* check-64.png */,
				B3FEFB6E1952C70D0032003D /* check.png */,
				B3FEFB6F1952C70D0032003D /* check_2.png */,
				B3FEFB701952C70D0032003D /* close_delete.png */,
				B3FEFB711952C70D0032003D /* close_delete_2.png */,
				B3FEFB721952C70D0032003D /* closed.png */,
				B3FEFB731952C70D0032003D /* comment.png */,
				B3FEFB741952C70D0032003D /* computer.png */,
				B3FEFB751952C70D0032003D /* computer_monitor.png */,
				B3FEFB761952C70D0032003D /* copy.png */,
				B3FEFB771952C70D0032003D /* credit_card.png */,
				B3FEFB781952C70D0032003D /* credit_card_back.png */,
				B3FEFB791952C70D0032003D /* cut.png */,
				B3FEFB7A1952C70D0032003D /* delete_2.png */,
				B3FEFB7B1952C70D0032003D /* document_file.png */,
				B3FEFB7C1952C70D0032003D /* email.png */,
				B3FEFB7D1952C70D0032003D /* eraser.png */,
				B3FEFB7E1952C70D0032003D /* favorite_love.png */,
				B3FEFB7F1952C70D0032003D /* flag_mark_blue.png */,
				B3FEFB801952C70D0032003D /* flag_mark_green.png */,
				B3FEFB811952C70D0032003D /* flag_mark_red.png */,
				B3FEFB821952C70D0032003D /* flag_mark_violet.png */,
				B3FEFB831952C70D0032003D /* folder.png */,
				B3FEFB841952C70D0032003D /* forward.png */,
				B3FEFB851952C70D0032003D /* friends_group.png */,
				B3FEFB861952C70D0032003D /* help.png */,
				B3FEFB871952C70D0032003D /* help_ring-buoy.png */,
				B3FEFB881952C70D0032003D /* home.png */,
				B3FEFB891952C70D0032003D /* information.png */,
				B3FEFB8A1952C70D0032003D /* ipod.png */,
				B3FEFB8B1952C70D0032003D /* key_login.png */,
				B3FEFB8C1952C70D0032003D /* lock.png */,
				B3FEFB8D1952C70D0032003D /* minus.png */,
				B3FEFB8E1952C70D0032003D /* mobile_phone.png */,
				B3FEFB8F1952C70D0032003D /* network.png */,
				B3FEFB901952C70D0032003D /* network_close.png */,
				B3FEFB911952C70D0032003D /* new_email.png */,
				B3FEFB921952C70D0032003D /* next.png */,
				B3FEFB931952C70D0032003D /* opened.png */,
				B3FEFB941952C70D0032003D /* options.png */,
				B3FEFB951952C70D0032003D /* options_2.png */,
				B3FEFB961952C70D0032003D /* paste.png */,
				B3FEFB971952C70D0032003D /* pause.png */,
				B3FEFB981952C70D0032003D /* pencil_edit.png */,
				B3FEFB991952C70D0032003D /* pie-chart_diagram.png */,
				B3FEFB9A1952C70D0032003D /* pie-chart_graph.png */,
				B3FEFB9B1952C70D0032003D /* play.png */,
				B3FEFB9C1952C70D0032003D /* plus.png */,
				B3FEFB9D1952C70D0032003D /* plus_2.png */,
				B3FEFB9E1952C70D0032003D /* previous.png */,
				B3FEFB9F1952C70D0032003D /* printer.png */,
				B3FEFBA01952C70D0032003D /* radio-button_off.png */,
				B3FEFBA11952C70D0032003D /* radio-button_on.png */,
				B3FEFBA21952C70D0032003D /* readme.html */,
				B3FEFBA31952C70D0032003D /* record.png */,
				B3FEFBA41952C70D0032003D /* refresh.png */,
				B3FEFBA51952C70D0032003D /* rss.png */,
				B3FEFBA61952C70D0032003D /* save_as.png */,
				B3FEFBA71952C70D0032003D /* save_diskette_floppy_disk.png */,
				B3FEFBA81952C70D0032003D /* search_lense.png */,
				B3FEFBA91952C70D0032003D /* shield_protect_off.png */,
				B3FEFBAA1952C70D0032003D /* shield_protect_on.png */,
				B3FEFBAB1952C70D0032003D /* shopping_cart.png */,
				B3FEFBAC1952C70D0032003D /* shopping_cart_empty.png */,
				B3FEFBAD1952C70D0032003D /* smartphone_2.png */,
				B3FEFBAE1952C70D0032003D /* smartphone_iphone.png */,
				B3FEFBAF1952C70D0032003D /* sound_music-off.png */,
				B3FEFBB01952C70D0032003D /* sound_music-on.png */,
				B3FEFBB11952C70D0032003D /* star_2.png */,
				B3FEFBB21952C70D0032003D /* stop.png */,
				B3FEFBB31952C70D0032003D /* stop_2.png */,
				B3FEFBB41952C70D0032003D /* tag_blue.png */,
				B3FEFBB51952C70D0032003D /* tag_gray.png */,
				B3FEFBB61952C70D0032003D /* tag_green.png */,
				B3FEFBB71952C70D0032003D /* tag_orange.png */,
				B3FEFBB81952C70D0032003D /* tag_red.png */,
				B3FEFBB91952C70D0032003D /* tag_violet.png */,
				B3FEFBBA1952C70D0032003D /* time_clock.png */,
				B3FEFBBB1952C70D0032003D /* trash_box.png */,
				B3FEFBBC1952C70D0032003D /* trash_box_2.png */,
				B3FEFBBD1952C70D0032003D /* unlock.png */,
				B3FEFBBE1952C70D0032003D /* user_friend.png */,
				B3FEFBBF1952C70D0032003D /* user_woman.png */,
				B3FEFBC01952C70D0032003D /* vote_no.png */,
				B3FEFBC11952C70D0032003D /* vote_yes.png */,
				B3FEFBC21952C70D0032003D /* wizard.png */,
				B3FEFBC31952C70D0032003D /* 懒人图库.url */,
			);
			path = "素材合集——32*32";
			sourceTree = "<group>";
		};
/* End PBXGroup section */

/* Begin PBXNativeTarget section */
		B3E87E5819357938006F8DF4 /* WWW */ = {
			isa = PBXNativeTarget;
			buildConfigurationList = B3E87E8519357938006F8DF4 /* Build configuration list for PBXNativeTarget "WWW" */;
			buildPhases = (
				B3E87E5519357938006F8DF4 /* Sources */,
				B3E87E5619357938006F8DF4 /* Frameworks */,
				B3E87E5719357938006F8DF4 /* Resources */,
			);
			buildRules = (
			);
			dependencies = (
			);
			name = WWW;
			productName = WWW;
			productReference = B3E87E5919357938006F8DF4 /* WWW.app */;
			productType = "com.apple.product-type.application";
		};
		B3E87E7319357938006F8DF4 /* WWWTests */ = {
			isa = PBXNativeTarget;
			buildConfigurationList = B3E87E8819357938006F8DF4 /* Build configuration list for PBXNativeTarget "WWWTests" */;
			buildPhases = (
				B3E87E7019357938006F8DF4 /* Sources */,
				B3E87E7119357938006F8DF4 /* Frameworks */,
				B3E87E7219357938006F8DF4 /* Resources */,
			);
			buildRules = (
			);
			dependencies = (
				B3E87E7A19357938006F8DF4 /* PBXTargetDependency */,
			);
			name = WWWTests;
			productName = WWWTests;
			productReference = B3E87E7419357938006F8DF4 /* WWWTests.xctest */;
			productType = "com.apple.product-type.bundle.unit-test";
		};
/* End PBXNativeTarget section */

/* Begin PBXProject section */
		B3E87E5119357937006F8DF4 /* Project object */ = {
			isa = PBXProject;
			attributes = {
				LastUpgradeCheck = 0500;
				ORGANIZATIONNAME = tci;
				TargetAttributes = {
					B3E87E5819357938006F8DF4 = {
						DevelopmentTeam = V2V795B38D;
					};
					B3E87E7319357938006F8DF4 = {
						TestTargetID = B3E87E5819357938006F8DF4;
					};
				};
			};
			buildConfigurationList = B3E87E5419357937006F8DF4 /* Build configuration list for PBXProject "WWW" */;
			compatibilityVersion = "Xcode 3.2";
			developmentRegion = English;
			hasScannedForEncodings = 0;
			knownRegions = (
				en,
			);
			mainGroup = B3E87E5019357937006F8DF4;
			productRefGroup = B3E87E5A19357938006F8DF4 /* Products */;
			projectDirPath = "";
			projectRoot = "";
			targets = (
				B3E87E5819357938006F8DF4 /* WWW */,
				B3E87E7319357938006F8DF4 /* WWWTests */,
			);
		};
/* End PBXProject section */

/* Begin PBXResourcesBuildPhase section */
		B3E87E5719357938006F8DF4 /* Resources */ = {
			isa = PBXResourcesBuildPhase;
			buildActionMask = 2147483647;
			files = (
				B3FEFBCA1952C70D0032003D /* arrow_right.png in Resources */,
				B3FEFC081952C70D0032003D /* radio-button_off.png in Resources */,
				B3FEFC0B1952C70D0032003D /* record.png in Resources */,
				B3FEFBD41952C70D0032003D /* cd_dvd.png in Resources */,
				B3FEFC261952C70D0032003D /* user_friend.png in Resources */,
				B3FEFC201952C70D0032003D /* tag_red.png in Resources */,
				B3FEFBCB1952C70D0032003D /* arrow_up.png in Resources */,
				B3FEFBD81952C70D0032003D /* close_delete.png in Resources */,
				B3FEFBE91952C70D0032003D /* flag_mark_red.png in Resources */,
				B310E0E8193855C900A660A2 /* item.png in Resources */,
				B3FEFBD01952C70D0032003D /* bonus.png in Resources */,
				B3E87E6719357938006F8DF4 /* InfoPlist.strings in Resources */,
				B3FEFBFA1952C70D0032003D /* next.png in Resources */,
				B3FEFC0A1952C70D0032003D /* readme.html in Resources */,
				B3FEFC231952C70D0032003D /* trash_box.png in Resources */,
				B3FEFC131952C70D0032003D /* shopping_cart.png in Resources */,
				B310E0ED1938702A00A660A2 /* section_bg.png in Resources */,
				B3FEFC021952C70D0032003D /* pie-chart_graph.png in Resources */,
				B3FEFC3019540B4A0032003D /* MyCollectionViewCell.xib in Resources */,
				B3FEFBC41952C70D0032003D /* arrow_down.png in Resources */,
				B3FEFBEE1952C70D0032003D /* help.png in Resources */,
				B3FEFC2B1952C70D0032003D /* 懒人图库.url in Resources */,
				B3FEFBE61952C70D0032003D /* favorite_love.png in Resources */,
				B3FEFC221952C70D0032003D /* time_clock.png in Resources */,
				B3FEFBD31952C70D0032003D /* calendar.png in Resources */,
				B310E0F31938816000A660A2 /* TwoViewController.xib in Resources */,
				B3FEFC151952C70D0032003D /* smartphone_2.png in Resources */,
				B3FEFBD61952C70D0032003D /* check.png in Resources */,
				B3FEFBC61952C70D0032003D /* arrow_left-up.png in Resources */,
				B3FEFC1A1952C70D0032003D /* stop.png in Resources */,
				B3FEFC121952C70D0032003D /* shield_protect_on.png in Resources */,
				B3FEFBD21952C70D0032003D /* calculator.png in Resources */,
				B3FEFBF21952C70D0032003D /* ipod.png in Resources */,
				B3FEFBDE1952C70D0032003D /* copy.png in Resources */,
				B3FEFBF91952C70D0032003D /* new_email.png in Resources */,
				B3FEFBE21952C70D0032003D /* delete_2.png in Resources */,
				B3FEFC0E1952C70D0032003D /* save_as.png in Resources */,
				B37CF36F19501A000064EA15 /* bottom.png in Resources */,
				B3FEFBE31952C70D0032003D /* document_file.png in Resources */,
				B3FEFC091952C70D0032003D /* radio-button_on.png in Resources */,
				B3E87E6F19357938006F8DF4 /* Images.xcassets in Resources */,
				B3FEFBD71952C70D0032003D /* check_2.png in Resources */,
				B3FEFC281952C70D0032003D /* vote_no.png in Resources */,
				B3FEFBE41952C70D0032003D /* email.png in Resources */,
				B3FEFC061952C70D0032003D /* previous.png in Resources */,
				B3FEFBDB1952C70D0032003D /* comment.png in Resources */,
				B3FEFBC71952C70D0032003D /* arrow_left.png in Resources */,
				B3FEFC251952C70D0032003D /* unlock.png in Resources */,
				B3FEFBFE1952C70D0032003D /* paste.png in Resources */,
				B3E32992194004B20041817A /* w.db in Resources */,
				B3FEFBCE1952C70D0032003D /* bag.png in Resources */,
				B3FEFC111952C70D0032003D /* shield_protect_off.png in Resources */,
				B3FEFBF31952C70D0032003D /* key_login.png in Resources */,
				B37CF37019501A000064EA15 /* tab_0.png in Resources */,
				B3FEFBDF1952C70D0032003D /* credit_card.png in Resources */,
				B3FEFBE11952C70D0032003D /* cut.png in Resources */,
				B3FEFBDC1952C70D0032003D /* computer.png in Resources */,
				B3FEFBEA1952C70D0032003D /* flag_mark_violet.png in Resources */,
				B3FEFBF51952C70D0032003D /* minus.png in Resources */,
				B3FEFC0C1952C70D0032003D /* refresh.png in Resources */,
				B3FEFC1E1952C70D0032003D /* tag_green.png in Resources */,
				B3FEFBF61952C70D0032003D /* mobile_phone.png in Resources */,
				B3FEFBD11952C70D0032003D /* bug.png in Resources */,
				B3FEFC0F1952C70D0032003D /* save_diskette_floppy_disk.png in Resources */,
				B3FEFBFF1952C70D0032003D /* pause.png in Resources */,
				B3FEFBF41952C70D0032003D /* lock.png in Resources */,
				B37CF37619501A000064EA15 /* tab_2.png in Resources */,
				B3FEFBE01952C70D0032003D /* credit_card_back.png in Resources */,
				B3FEFBF01952C70D0032003D /* home.png in Resources */,
				B3FEFC161952C70D0032003D /* smartphone_iphone.png in Resources */,
				B3FEFC041952C70D0032003D /* plus.png in Resources */,
				B3FEFC1B1952C70D0032003D /* stop_2.png in Resources */,
				B3FEFBCD1952C70D0032003D /* backward.png in Resources */,
				B3FEFBFB1952C70D0032003D /* opened.png in Resources */,
				B3FEFBFC1952C70D0032003D /* options.png in Resources */,
				B3FEFC1C1952C70D0032003D /* tag_blue.png in Resources */,
				B3FEFBF81952C70D0032003D /* network_close.png in Resources */,
				B3FEFBC81952C70D0032003D /* arrow_right-down.png in Resources */,
				B3FEFC271952C70D0032003D /* user_woman.png in Resources */,
				B37CF37319501A000064EA15 /* tab_1.png in Resources */,
				B3E87E90193579FB006F8DF4 /* OneViewController.xib in Resources */,
				B3FEFBEC1952C70D0032003D /* forward.png in Resources */,
				B37CF37519501A000064EA15 /* tab_s2.png in Resources */,
				B3FEFC0D1952C70D0032003D /* rss.png in Resources */,
				B3FEFC031952C70D0032003D /* play.png in Resources */,
				B3FEFBE71952C70D0032003D /* flag_mark_blue.png in Resources */,
				B3FEFBCC1952C70D0032003D /* attention.png in Resources */,
				B3FEFBDA1952C70D0032003D /* closed.png in Resources */,
				B3FEFC2A1952C70D0032003D /* wizard.png in Resources */,
				B37CF37119501A000064EA15 /* tab_s0.png in Resources */,
				B3FEFBFD1952C70D0032003D /* options_2.png in Resources */,
				B3FEFC1F1952C70D0032003D /* tag_orange.png in Resources */,
				B3FEFBE81952C70D0032003D /* flag_mark_green.png in Resources */,
				B3FEFC171952C70D0032003D /* sound_music-off.png in Resources */,
				B37CF37819501A000064EA15 /* tab_s3.png in Resources */,
				B3FEFC141952C70D0032003D /* shopping_cart_empty.png in Resources */,
				B3FEFC051952C70D0032003D /* plus_2.png in Resources */,
				B3FEFBD91952C70D0032003D /* close_delete_2.png in Resources */,
				B3FEFBF11952C70D0032003D /* information.png in Resources */,
				B3FEFC191952C70D0032003D /* star_2.png in Resources */,
				B3FEFBED1952C70D0032003D /* friends_group.png in Resources */,
				B3FEFBC51952C70D0032003D /* arrow_left-down.png in Resources */,
				B3FEFC101952C70D0032003D /* search_lense.png in Resources */,
				B3FEFC211952C70D0032003D /* tag_violet.png in Resources */,
				B3FEFC001952C70D0032003D /* pencil_edit.png in Resources */,
				B3FEFC181952C70D0032003D /* sound_music-on.png in Resources */,
				B3FEFC1D1952C70D0032003D /* tag_gray.png in Resources */,
				B3FEFBE51952C70D0032003D /* eraser.png in Resources */,
				B3FEFBEB1952C70D0032003D /* folder.png in Resources */,
				B3FEFBEF1952C70D0032003D /* help_ring-buoy.png in Resources */,
				B37CF35F194EEA9D0064EA15 /* ThreeViewController.xib in Resources */,
				B3FEFBC91952C70D0032003D /* arrow_right-up.png in Resources */,
				B37CF38419501EAE0064EA15 /* FiveViewController.xib in Resources */,
				B3FEFC011952C70D0032003D /* pie-chart_diagram.png in Resources */,
				B37CF37219501A000064EA15 /* tab_s1.png in Resources */,
				B3FEFBCF1952C70D0032003D /* base.png in Resources */,
				B3FEFC241952C70D0032003D /* trash_box_2.png in Resources */,
				B3FEFC291952C70D0032003D /* vote_yes.png in Resources */,
				B3FEFBF71952C70D0032003D /* network.png in Resources */,
				B37CF37719501A000064EA15 /* tab_3.png in Resources */,
				B3FEFBDD1952C70D0032003D /* computer_monitor.png in Resources */,
				B3FEFBD51952C70D0032003D /* check-64.png in Resources */,
				B3FEFC071952C70D0032003D /* printer.png in Resources */,
				B37CF37E19501E6F0064EA15 /* FourViewController.xib in Resources */,
			);
			runOnlyForDeploymentPostprocessing = 0;
		};
		B3E87E7219357938006F8DF4 /* Resources */ = {
			isa = PBXResourcesBuildPhase;
			buildActionMask = 2147483647;
			files = (
				B3E87E8019357938006F8DF4 /* InfoPlist.strings in Resources */,
			);
			runOnlyForDeploymentPostprocessing = 0;
		};
/* End PBXResourcesBuildPhase section */

/* Begin PBXSourcesBuildPhase section */
		B3E87E5519357938006F8DF4 /* Sources */ = {
			isa = PBXSourcesBuildPhase;
			buildActionMask = 2147483647;
			files = (
				B3DCDAA8193EE9C200BAD04B /* DBCommon.m in Sources */,
				B3E87E8F193579FB006F8DF4 /* OneViewController.m in Sources */,
				B3E87E6D19357938006F8DF4 /* AppDelegate.m in Sources */,
				B3E32995194055470041817A /* BusinessUtil.m in Sources */,
				B3DCDAAF193F0E6D00BAD04B /* DBUtil.m in Sources */,
				B310E0E619382B6100A660A2 /* OneCell.m in Sources */,
				B37CF37D19501E6F0064EA15 /* FourViewController.m in Sources */,
				B310E0F21938816000A660A2 /* TwoViewController.m in Sources */,
				B3FEFC2E195401040032003D /* MyCollectionViewCell.m in Sources */,
				B3AA41AA194A867700579A3D /* MyUncaughtExceptionHandler.m in Sources */,
				B3E87E6919357938006F8DF4 /* main.m in Sources */,
				B37CF363195018070064EA15 /* MyTabBarController.m in Sources */,
				B37CF38319501EAE0064EA15 /* FiveViewController.m in Sources */,
				B37CF35E194EEA9D0064EA15 /* ThreeViewController.m in Sources */,
			);
			runOnlyForDeploymentPostprocessing = 0;
		};
		B3E87E7019357938006F8DF4 /* Sources */ = {
			isa = PBXSourcesBuildPhase;
			buildActionMask = 2147483647;
			files = (
				B3E87E8219357938006F8DF4 /* WWWTests.m in Sources */,
			);
			runOnlyForDeploymentPostprocessing = 0;
		};
/* End PBXSourcesBuildPhase section */

/* Begin PBXTargetDependency section */
		B3E87E7A19357938006F8DF4 /* PBXTargetDependency */ = {
			isa = PBXTargetDependency;
			target = B3E87E5819357938006F8DF4 /* WWW */;
			targetProxy = B3E87E7919357938006F8DF4 /* PBXContainerItemProxy */;
		};
/* End PBXTargetDependency section */

/* Begin PBXVariantGroup section */
		B3E87E6519357938006F8DF4 /* InfoPlist.strings */ = {
			isa = PBXVariantGroup;
			children = (
				B3E87E6619357938006F8DF4 /* en */,
			);
			name = InfoPlist.strings;
			sourceTree = "<group>";
		};
		B3E87E7E19357938006F8DF4 /* InfoPlist.strings */ = {
			isa = PBXVariantGroup;
			children = (
				B3E87E7F19357938006F8DF4 /* en */,
			);
			name = InfoPlist.strings;
			sourceTree = "<group>";
		};
/* End PBXVariantGroup section */

/* Begin XCBuildConfiguration section */
		B3E87E8319357938006F8DF4 /* Debug */ = {
			isa = XCBuildConfiguration;
			buildSettings = {
				ALWAYS_SEARCH_USER_PATHS = NO;
				ARCHS = "$(ARCHS_STANDARD_INCLUDING_64_BIT)";
				CLANG_CXX_LANGUAGE_STANDARD = "gnu++0x";
				CLANG_CXX_LIBRARY = "libc++";
				CLANG_ENABLE_MODULES = YES;
				CLANG_ENABLE_OBJC_ARC = YES;
				CLANG_WARN_BOOL_CONVERSION = YES;
				CLANG_WARN_CONSTANT_CONVERSION = YES;
				CLANG_WARN_DIRECT_OBJC_ISA_USAGE = YES_ERROR;
				CLANG_WARN_EMPTY_BODY = YES;
				CLANG_WARN_ENUM_CONVERSION = YES;
				CLANG_WARN_INT_CONVERSION = YES;
				CLANG_WARN_OBJC_ROOT_CLASS = YES_ERROR;
				CLANG_WARN__DUPLICATE_METHOD_MATCH = YES;
				CODE_SIGN_IDENTITY = "iPhone Distribution: Transcosmos Information Creative (China) Co., Ltd.";
				"CODE_SIGN_IDENTITY[sdk=iphoneos*]" = "iPhone Distribution: Transcosmos Information Creative (China) Co., Ltd.";
				COPY_PHASE_STRIP = NO;
				GCC_C_LANGUAGE_STANDARD = gnu99;
				GCC_DYNAMIC_NO_PIC = NO;
				GCC_OPTIMIZATION_LEVEL = 0;
				GCC_PREPROCESSOR_DEFINITIONS = (
					"DEBUG=1",
					"$(inherited)",
				);
				GCC_SYMBOLS_PRIVATE_EXTERN = NO;
				GCC_WARN_64_TO_32_BIT_CONVERSION = YES;
				GCC_WARN_ABOUT_RETURN_TYPE = YES_ERROR;
				GCC_WARN_UNDECLARED_SELECTOR = YES;
				GCC_WARN_UNINITIALIZED_AUTOS = YES;
				GCC_WARN_UNUSED_FUNCTION = YES;
				GCC_WARN_UNUSED_VARIABLE = YES;
				IPHONEOS_DEPLOYMENT_TARGET = 6.0;
				ONLY_ACTIVE_ARCH = YES;
				PROVISIONING_PROFILE = "";
				SDKROOT = iphoneos7.1;
			};
			name = Debug;
		};
		B3E87E8419357938006F8DF4 /* Release */ = {
			isa = XCBuildConfiguration;
			buildSettings = {
				ALWAYS_SEARCH_USER_PATHS = NO;
				ARCHS = "$(ARCHS_STANDARD_INCLUDING_64_BIT)";
				CLANG_CXX_LANGUAGE_STANDARD = "gnu++0x";
				CLANG_CXX_LIBRARY = "libc++";
				CLANG_ENABLE_MODULES = YES;
				CLANG_ENABLE_OBJC_ARC = YES;
				CLANG_WARN_BOOL_CONVERSION = YES;
				CLANG_WARN_CONSTANT_CONVERSION = YES;
				CLANG_WARN_DIRECT_OBJC_ISA_USAGE = YES_ERROR;
				CLANG_WARN_EMPTY_BODY = YES;
				CLANG_WARN_ENUM_CONVERSION = YES;
				CLANG_WARN_INT_CONVERSION = YES;
				CLANG_WARN_OBJC_ROOT_CLASS = YES_ERROR;
				CLANG_WARN__DUPLICATE_METHOD_MATCH = YES;
				CODE_SIGN_IDENTITY = "iPhone Distribution: Transcosmos Information Creative (China) Co., Ltd.";
				"CODE_SIGN_IDENTITY[sdk=iphoneos*]" = "iPhone Distribution: Transcosmos Information Creative (China) Co., Ltd.";
				COPY_PHASE_STRIP = YES;
				ENABLE_NS_ASSERTIONS = NO;
				GCC_C_LANGUAGE_STANDARD = gnu99;
				GCC_WARN_64_TO_32_BIT_CONVERSION = YES;
				GCC_WARN_ABOUT_RETURN_TYPE = YES_ERROR;
				GCC_WARN_UNDECLARED_SELECTOR = YES;
				GCC_WARN_UNINITIALIZED_AUTOS = YES;
				GCC_WARN_UNUSED_FUNCTION = YES;
				GCC_WARN_UNUSED_VARIABLE = YES;
				IPHONEOS_DEPLOYMENT_TARGET = 6.0;
				ONLY_ACTIVE_ARCH = YES;
				PROVISIONING_PROFILE = "";
				SDKROOT = iphoneos7.1;
				VALIDATE_PRODUCT = YES;
			};
			name = Release;
		};
		B3E87E8619357938006F8DF4 /* Debug */ = {
			isa = XCBuildConfiguration;
			buildSettings = {
				ASSETCATALOG_COMPILER_APPICON_NAME = AppIcon;
				ASSETCATALOG_COMPILER_LAUNCHIMAGE_NAME = LaunchImage;
				CLANG_ENABLE_OBJC_ARC = NO;
				CODE_SIGN_IDENTITY = "iPhone Developer";
				GCC_PRECOMPILE_PREFIX_HEADER = YES;
				GCC_PREFIX_HEADER = "WWW/WWW-Prefix.pch";
				INFOPLIST_FILE = "WWW/WWW-Info.plist";
				PRODUCT_NAME = "$(TARGET_NAME)";
				PROVISIONING_PROFILE = "";
				SDKROOT = iphoneos7.1;
				WRAPPER_EXTENSION = app;
			};
			name = Debug;
		};
		B3E87E8719357938006F8DF4 /* Release */ = {
			isa = XCBuildConfiguration;
			buildSettings = {
				ASSETCATALOG_COMPILER_APPICON_NAME = AppIcon;
				ASSETCATALOG_COMPILER_LAUNCHIMAGE_NAME = LaunchImage;
				CLANG_ENABLE_OBJC_ARC = NO;
				CODE_SIGN_IDENTITY = "iPhone Developer";
				GCC_PRECOMPILE_PREFIX_HEADER = YES;
				GCC_PREFIX_HEADER = "WWW/WWW-Prefix.pch";
				INFOPLIST_FILE = "WWW/WWW-Info.plist";
				PRODUCT_NAME = "$(TARGET_NAME)";
				PROVISIONING_PROFILE = "";
				SDKROOT = iphoneos7.1;
				WRAPPER_EXTENSION = app;
			};
			name = Release;
		};
		B3E87E8919357938006F8DF4 /* Debug */ = {
			isa = XCBuildConfiguration;
			buildSettings = {
				ARCHS = "$(ARCHS_STANDARD_INCLUDING_64_BIT)";
				BUNDLE_LOADER = "$(BUILT_PRODUCTS_DIR)/WWW.app/WWW";
				FRAMEWORK_SEARCH_PATHS = (
					"$(SDKROOT)/Developer/Library/Frameworks",
					"$(inherited)",
					"$(DEVELOPER_FRAMEWORKS_DIR)",
				);
				GCC_PRECOMPILE_PREFIX_HEADER = YES;
				GCC_PREFIX_HEADER = "WWW/WWW-Prefix.pch";
				GCC_PREPROCESSOR_DEFINITIONS = (
					"DEBUG=1",
					"$(inherited)",
				);
				INFOPLIST_FILE = "WWWTests/WWWTests-Info.plist";
				PRODUCT_NAME = "$(TARGET_NAME)";
				TEST_HOST = "$(BUNDLE_LOADER)";
				WRAPPER_EXTENSION = xctest;
			};
			name = Debug;
		};
		B3E87E8A19357938006F8DF4 /* Release */ = {
			isa = XCBuildConfiguration;
			buildSettings = {
				ARCHS = "$(ARCHS_STANDARD_INCLUDING_64_BIT)";
				BUNDLE_LOADER = "$(BUILT_PRODUCTS_DIR)/WWW.app/WWW";
				FRAMEWORK_SEARCH_PATHS = (
					"$(SDKROOT)/Developer/Library/Frameworks",
					"$(inherited)",
					"$(DEVELOPER_FRAMEWORKS_DIR)",
				);
				GCC_PRECOMPILE_PREFIX_HEADER = YES;
				GCC_PREFIX_HEADER = "WWW/WWW-Prefix.pch";
				INFOPLIST_FILE = "WWWTests/WWWTests-Info.plist";
				PRODUCT_NAME = "$(TARGET_NAME)";
				TEST_HOST = "$(BUNDLE_LOADER)";
				WRAPPER_EXTENSION = xctest;
			};
			name = Release;
		};
/* End XCBuildConfiguration section */

/* Begin XCConfigurationList section */
		B3E87E5419357937006F8DF4 /* Build configuration list for PBXProject "WWW" */ = {
			isa = XCConfigurationList;
			buildConfigurations = (
				B3E87E8319357938006F8DF4 /* Debug */,
				B3E87E8419357938006F8DF4 /* Release */,
			);
			defaultConfigurationIsVisible = 0;
			defaultConfigurationName = Release;
		};
		B3E87E8519357938006F8DF4 /* Build configuration list for PBXNativeTarget "WWW" */ = {
			isa = XCConfigurationList;
			buildConfigurations = (
				B3E87E8619357938006F8DF4 /* Debug */,
				B3E87E8719357938006F8DF4 /* Release */,
			);
			defaultConfigurationIsVisible = 0;
			defaultConfigurationName = Release;
		};
		B3E87E8819357938006F8DF4 /* Build configuration list for PBXNativeTarget "WWWTests" */ = {
			isa = XCConfigurationList;
			buildConfigurations = (
				B3E87E8919357938006F8DF4 /* Debug */,
				B3E87E8A19357938006F8DF4 /* Release */,
			);
			defaultConfigurationIsVisible = 0;
			defaultConfigurationName = Release;
		};
/* End XCConfigurationList section */
	};
	rootObject = B3E87E5119357937006F8DF4 /* Project object */;
}
